// !$*UTF8*$!
{
	archiveVersion = 1;
	classes = {
	};
	objectVersion = 46;
	objects = {

/* Begin PBXBuildFile section */
		FF65D31E1C1E0BFC0015C99F /* Main.storyboard in Resources */ = {isa = PBXBuildFile; fileRef = FF65D31C1C1E0BFC0015C99F /* Main.storyboard */; };
		FF65D3221C1EA3D60015C99F /* SignUpController.swift in Sources */ = {isa = PBXBuildFile; fileRef = FF65D3211C1EA3D60015C99F /* SignUpController.swift */; };
		FF78783E1C24A9F000354936 /* User.swift in Sources */ = {isa = PBXBuildFile; fileRef = FF78783D1C24A9F000354936 /* User.swift */; };
		FF7878401C26A0A900354936 /* MenuController.swift in Sources */ = {isa = PBXBuildFile; fileRef = FF78783F1C26A0A900354936 /* MenuController.swift */; };
		FF7878421C26A0CC00354936 /* CameraController.swift in Sources */ = {isa = PBXBuildFile; fileRef = FF7878411C26A0CC00354936 /* CameraController.swift */; };
		FF7878461C281A2500354936 /* HomeController.swift in Sources */ = {isa = PBXBuildFile; fileRef = FF7878451C281A2500354936 /* HomeController.swift */; };
		FF78785C1C30008C00354936 /* libz.tbd in Frameworks */ = {isa = PBXBuildFile; fileRef = FF78785B1C30008C00354936 /* libz.tbd */; };
		FF78785E1C30009900354936 /* libsqlite3.tbd in Frameworks */ = {isa = PBXBuildFile; fileRef = FF78785D1C30009900354936 /* libsqlite3.tbd */; };
		FF7878611C3010E700354936 /* LogInController.swift in Sources */ = {isa = PBXBuildFile; fileRef = FF7878601C3010E600354936 /* LogInController.swift */; };
		FF7878631C30265800354936 /* AudioToolbox.framework in Frameworks */ = {isa = PBXBuildFile; fileRef = FF7878621C30265800354936 /* AudioToolbox.framework */; };
		FF7878651C30266000354936 /* CFNetwork.framework in Frameworks */ = {isa = PBXBuildFile; fileRef = FF7878641C30266000354936 /* CFNetwork.framework */; };
		FF7878671C30266600354936 /* CoreGraphics.framework in Frameworks */ = {isa = PBXBuildFile; fileRef = FF7878661C30266600354936 /* CoreGraphics.framework */; };
		FF7878691C30266C00354936 /* CoreLocation.framework in Frameworks */ = {isa = PBXBuildFile; fileRef = FF7878681C30266C00354936 /* CoreLocation.framework */; };
		FF78786B1C30267500354936 /* QuartzCore.framework in Frameworks */ = {isa = PBXBuildFile; fileRef = FF78786A1C30267500354936 /* QuartzCore.framework */; };
		FF78786D1C30267C00354936 /* Security.framework in Frameworks */ = {isa = PBXBuildFile; fileRef = FF78786C1C30267C00354936 /* Security.framework */; };
		FF78786F1C30268500354936 /* StoreKit.framework in Frameworks */ = {isa = PBXBuildFile; fileRef = FF78786E1C30268500354936 /* StoreKit.framework */; };
		FF7878711C30268C00354936 /* SystemConfiguration.framework in Frameworks */ = {isa = PBXBuildFile; fileRef = FF7878701C30268C00354936 /* SystemConfiguration.framework */; };
		FF7878731C3026BB00354936 /* Bolts.framework in Frameworks */ = {isa = PBXBuildFile; fileRef = FF7878721C3026BB00354936 /* Bolts.framework */; };
		FF7878751C3026C200354936 /* Parse.framework in Frameworks */ = {isa = PBXBuildFile; fileRef = FF7878741C3026C200354936 /* Parse.framework */; };
		FF7878771C34EC4A00354936 /* RecentConnections.swift in Sources */ = {isa = PBXBuildFile; fileRef = FF7878761C34EC4A00354936 /* RecentConnections.swift */; };
		FF7878791C352D0400354936 /* TableViewCell.swift in Sources */ = {isa = PBXBuildFile; fileRef = FF7878781C352D0400354936 /* TableViewCell.swift */; };
		FF897C351C01AC63001B2634 /* AppDelegate.swift in Sources */ = {isa = PBXBuildFile; fileRef = FF897C341C01AC63001B2634 /* AppDelegate.swift */; };
		FF897C371C01AC63001B2634 /* ViewController.swift in Sources */ = {isa = PBXBuildFile; fileRef = FF897C361C01AC63001B2634 /* ViewController.swift */; };
		FF897C3C1C01AC63001B2634 /* Assets.xcassets in Resources */ = {isa = PBXBuildFile; fileRef = FF897C3B1C01AC63001B2634 /* Assets.xcassets */; };
		FF897C4A1C01AC63001B2634 /* ConnectMeTests.swift in Sources */ = {isa = PBXBuildFile; fileRef = FF897C491C01AC63001B2634 /* ConnectMeTests.swift */; };
		FF897C551C01AC63001B2634 /* ConnectMeUITests.swift in Sources */ = {isa = PBXBuildFile; fileRef = FF897C541C01AC63001B2634 /* ConnectMeUITests.swift */; };
		FFF442361C4B2244007651DE /* Functions.swift in Sources */ = {isa = PBXBuildFile; fileRef = FFF442351C4B2244007651DE /* Functions.swift */; };
/* End PBXBuildFile section */

/* Begin PBXContainerItemProxy section */
		FF897C461C01AC63001B2634 /* PBXContainerItemProxy */ = {
			isa = PBXContainerItemProxy;
			containerPortal = FF897C291C01AC63001B2634 /* Project object */;
			proxyType = 1;
			remoteGlobalIDString = FF897C301C01AC63001B2634;
			remoteInfo = ConnectMe;
		};
		FF897C511C01AC63001B2634 /* PBXContainerItemProxy */ = {
			isa = PBXContainerItemProxy;
			containerPortal = FF897C291C01AC63001B2634 /* Project object */;
			proxyType = 1;
			remoteGlobalIDString = FF897C301C01AC63001B2634;
			remoteInfo = ConnectMe;
		};
/* End PBXContainerItemProxy section */

/* Begin PBXFileReference section */
		FF65D31D1C1E0BFC0015C99F /* Base */ = {isa = PBXFileReference; lastKnownFileType = file.storyboard; name = Base; path = Base.lproj/Main.storyboard; sourceTree = "<group>"; };
		FF65D3211C1EA3D60015C99F /* SignUpController.swift */ = {isa = PBXFileReference; fileEncoding = 4; lastKnownFileType = sourcecode.swift; name = SignUpController.swift; path = ../SignUpController.swift; sourceTree = "<group>"; };
		FF78783D1C24A9F000354936 /* User.swift */ = {isa = PBXFileReference; fileEncoding = 4; lastKnownFileType = sourcecode.swift; path = User.swift; sourceTree = "<group>"; };
		FF78783F1C26A0A900354936 /* MenuController.swift */ = {isa = PBXFileReference; fileEncoding = 4; lastKnownFileType = sourcecode.swift; path = MenuController.swift; sourceTree = "<group>"; };
		FF7878411C26A0CC00354936 /* CameraController.swift */ = {isa = PBXFileReference; fileEncoding = 4; lastKnownFileType = sourcecode.swift; path = CameraController.swift; sourceTree = "<group>"; };
		FF7878451C281A2500354936 /* HomeController.swift */ = {isa = PBXFileReference; fileEncoding = 4; lastKnownFileType = sourcecode.swift; path = HomeController.swift; sourceTree = "<group>"; };
		FF78785B1C30008C00354936 /* libz.tbd */ = {isa = PBXFileReference; lastKnownFileType = "sourcecode.text-based-dylib-definition"; name = libz.tbd; path = usr/lib/libz.tbd; sourceTree = SDKROOT; };
		FF78785D1C30009900354936 /* libsqlite3.tbd */ = {isa = PBXFileReference; lastKnownFileType = "sourcecode.text-based-dylib-definition"; name = libsqlite3.tbd; path = usr/lib/libsqlite3.tbd; sourceTree = SDKROOT; };
		FF7878601C3010E600354936 /* LogInController.swift */ = {isa = PBXFileReference; fileEncoding = 4; lastKnownFileType = sourcecode.swift; path = LogInController.swift; sourceTree = "<group>"; };
		FF7878621C30265800354936 /* AudioToolbox.framework */ = {isa = PBXFileReference; lastKnownFileType = wrapper.framework; name = AudioToolbox.framework; path = System/Library/Frameworks/AudioToolbox.framework; sourceTree = SDKROOT; };
		FF7878641C30266000354936 /* CFNetwork.framework */ = {isa = PBXFileReference; lastKnownFileType = wrapper.framework; name = CFNetwork.framework; path = System/Library/Frameworks/CFNetwork.framework; sourceTree = SDKROOT; };
		FF7878661C30266600354936 /* CoreGraphics.framework */ = {isa = PBXFileReference; lastKnownFileType = wrapper.framework; name = CoreGraphics.framework; path = System/Library/Frameworks/CoreGraphics.framework; sourceTree = SDKROOT; };
		FF7878681C30266C00354936 /* CoreLocation.framework */ = {isa = PBXFileReference; lastKnownFileType = wrapper.framework; name = CoreLocation.framework; path = System/Library/Frameworks/CoreLocation.framework; sourceTree = SDKROOT; };
		FF78786A1C30267500354936 /* QuartzCore.framework */ = {isa = PBXFileReference; lastKnownFileType = wrapper.framework; name = QuartzCore.framework; path = System/Library/Frameworks/QuartzCore.framework; sourceTree = SDKROOT; };
		FF78786C1C30267C00354936 /* Security.framework */ = {isa = PBXFileReference; lastKnownFileType = wrapper.framework; name = Security.framework; path = System/Library/Frameworks/Security.framework; sourceTree = SDKROOT; };
		FF78786E1C30268500354936 /* StoreKit.framework */ = {isa = PBXFileReference; lastKnownFileType = wrapper.framework; name = StoreKit.framework; path = System/Library/Frameworks/StoreKit.framework; sourceTree = SDKROOT; };
		FF7878701C30268C00354936 /* SystemConfiguration.framework */ = {isa = PBXFileReference; lastKnownFileType = wrapper.framework; name = SystemConfiguration.framework; path = System/Library/Frameworks/SystemConfiguration.framework; sourceTree = SDKROOT; };
		FF7878721C3026BB00354936 /* Bolts.framework */ = {isa = PBXFileReference; lastKnownFileType = wrapper.framework; name = Bolts.framework; path = "../../../Downloads/parse-library-1.11.0/Bolts.framework"; sourceTree = "<group>"; };
		FF7878741C3026C200354936 /* Parse.framework */ = {isa = PBXFileReference; lastKnownFileType = wrapper.framework; name = Parse.framework; path = "../../../Downloads/parse-library-1.11.0/Parse.framework"; sourceTree = "<group>"; };
		FF7878761C34EC4A00354936 /* RecentConnections.swift */ = {isa = PBXFileReference; fileEncoding = 4; lastKnownFileType = sourcecode.swift; path = RecentConnections.swift; sourceTree = "<group>"; };
		FF7878781C352D0400354936 /* TableViewCell.swift */ = {isa = PBXFileReference; fileEncoding = 4; lastKnownFileType = sourcecode.swift; path = TableViewCell.swift; sourceTree = "<group>"; };
		FF897C311C01AC63001B2634 /* ConnectMe.app */ = {isa = PBXFileReference; explicitFileType = wrapper.application; includeInIndex = 0; path = ConnectMe.app; sourceTree = BUILT_PRODUCTS_DIR; };
		FF897C341C01AC63001B2634 /* AppDelegate.swift */ = {isa = PBXFileReference; lastKnownFileType = sourcecode.swift; path = AppDelegate.swift; sourceTree = "<group>"; };
		FF897C361C01AC63001B2634 /* ViewController.swift */ = {isa = PBXFileReference; lastKnownFileType = sourcecode.swift; path = ViewController.swift; sourceTree = "<group>"; };
		FF897C3B1C01AC63001B2634 /* Assets.xcassets */ = {isa = PBXFileReference; lastKnownFileType = folder.assetcatalog; path = Assets.xcassets; sourceTree = "<group>"; };
		FF897C401C01AC63001B2634 /* Info.plist */ = {isa = PBXFileReference; lastKnownFileType = text.plist.xml; path = Info.plist; sourceTree = "<group>"; };
		FF897C451C01AC63001B2634 /* ConnectMeTests.xctest */ = {isa = PBXFileReference; explicitFileType = wrapper.cfbundle; includeInIndex = 0; path = ConnectMeTests.xctest; sourceTree = BUILT_PRODUCTS_DIR; };
		FF897C491C01AC63001B2634 /* ConnectMeTests.swift */ = {isa = PBXFileReference; lastKnownFileType = sourcecode.swift; path = ConnectMeTests.swift; sourceTree = "<group>"; };
		FF897C4B1C01AC63001B2634 /* Info.plist */ = {isa = PBXFileReference; lastKnownFileType = text.plist.xml; path = Info.plist; sourceTree = "<group>"; };
		FF897C501C01AC63001B2634 /* ConnectMeUITests.xctest */ = {isa = PBXFileReference; explicitFileType = wrapper.cfbundle; includeInIndex = 0; path = ConnectMeUITests.xctest; sourceTree = BUILT_PRODUCTS_DIR; };
		FF897C541C01AC63001B2634 /* ConnectMeUITests.swift */ = {isa = PBXFileReference; lastKnownFileType = sourcecode.swift; path = ConnectMeUITests.swift; sourceTree = "<group>"; };
		FF897C561C01AC63001B2634 /* Info.plist */ = {isa = PBXFileReference; lastKnownFileType = text.plist.xml; path = Info.plist; sourceTree = "<group>"; };
		FFF442351C4B2244007651DE /* Functions.swift */ = {isa = PBXFileReference; fileEncoding = 4; lastKnownFileType = sourcecode.swift; path = Functions.swift; sourceTree = "<group>"; };
/* End PBXFileReference section */

/* Begin PBXFrameworksBuildPhase section */
		FF897C2E1C01AC63001B2634 /* Frameworks */ = {
			isa = PBXFrameworksBuildPhase;
			buildActionMask = 2147483647;
			files = (
				FF7878711C30268C00354936 /* SystemConfiguration.framework in Frameworks */,
				FF78786F1C30268500354936 /* StoreKit.framework in Frameworks */,
				FF78786D1C30267C00354936 /* Security.framework in Frameworks */,
				FF78786B1C30267500354936 /* QuartzCore.framework in Frameworks */,
				FF7878691C30266C00354936 /* CoreLocation.framework in Frameworks */,
				FF7878671C30266600354936 /* CoreGraphics.framework in Frameworks */,
				FF7878651C30266000354936 /* CFNetwork.framework in Frameworks */,
				FF7878631C30265800354936 /* AudioToolbox.framework in Frameworks */,
				FF7878731C3026BB00354936 /* Bolts.framework in Frameworks */,
				FF78785E1C30009900354936 /* libsqlite3.tbd in Frameworks */,
				FF7878751C3026C200354936 /* Parse.framework in Frameworks */,
				FF78785C1C30008C00354936 /* libz.tbd in Frameworks */,
			);
			runOnlyForDeploymentPostprocessing = 0;
		};
		FF897C421C01AC63001B2634 /* Frameworks */ = {
			isa = PBXFrameworksBuildPhase;
			buildActionMask = 2147483647;
			files = (
			);
			runOnlyForDeploymentPostprocessing = 0;
		};
		FF897C4D1C01AC63001B2634 /* Frameworks */ = {
			isa = PBXFrameworksBuildPhase;
			buildActionMask = 2147483647;
			files = (
			);
			runOnlyForDeploymentPostprocessing = 0;
		};
/* End PBXFrameworksBuildPhase section */

/* Begin PBXGroup section */
		FF897C281C01AC63001B2634 = {
			isa = PBXGroup;
			children = (
				FF7878741C3026C200354936 /* Parse.framework */,
				FF7878721C3026BB00354936 /* Bolts.framework */,
				FF7878701C30268C00354936 /* SystemConfiguration.framework */,
				FF78786E1C30268500354936 /* StoreKit.framework */,
				FF78786C1C30267C00354936 /* Security.framework */,
				FF78786A1C30267500354936 /* QuartzCore.framework */,
				FF7878681C30266C00354936 /* CoreLocation.framework */,
				FF7878661C30266600354936 /* CoreGraphics.framework */,
				FF7878641C30266000354936 /* CFNetwork.framework */,
				FF7878621C30265800354936 /* AudioToolbox.framework */,
				FF78785D1C30009900354936 /* libsqlite3.tbd */,
				FF78785B1C30008C00354936 /* libz.tbd */,
				FF897C331C01AC63001B2634 /* ConnectMe */,
				FF897C481C01AC63001B2634 /* ConnectMeTests */,
				FF897C531C01AC63001B2634 /* ConnectMeUITests */,
				FF897C321C01AC63001B2634 /* Products */,
			);
			sourceTree = "<group>";
		};
		FF897C321C01AC63001B2634 /* Products */ = {
			isa = PBXGroup;
			children = (
				FF897C311C01AC63001B2634 /* ConnectMe.app */,
				FF897C451C01AC63001B2634 /* ConnectMeTests.xctest */,
				FF897C501C01AC63001B2634 /* ConnectMeUITests.xctest */,
			);
			name = Products;
			sourceTree = "<group>";
		};
		FF897C331C01AC63001B2634 /* ConnectMe */ = {
			isa = PBXGroup;
			children = (
				FF65D3211C1EA3D60015C99F /* SignUpController.swift */,
				FF897C341C01AC63001B2634 /* AppDelegate.swift */,
				FF897C361C01AC63001B2634 /* ViewController.swift */,
				FF897C3B1C01AC63001B2634 /* Assets.xcassets */,
				FF65D31C1C1E0BFC0015C99F /* Main.storyboard */,
				FFF442351C4B2244007651DE /* Functions.swift */,
				FF7878601C3010E600354936 /* LogInController.swift */,
				FF7878411C26A0CC00354936 /* CameraController.swift */,
				FF7878451C281A2500354936 /* HomeController.swift */,
				FF78783F1C26A0A900354936 /* MenuController.swift */,
				FF78783D1C24A9F000354936 /* User.swift */,
				FF897C401C01AC63001B2634 /* Info.plist */,
				FF7878761C34EC4A00354936 /* RecentConnections.swift */,
				FF7878781C352D0400354936 /* TableViewCell.swift */,
			);
			path = ConnectMe;
			sourceTree = "<group>";
		};
		FF897C481C01AC63001B2634 /* ConnectMeTests */ = {
			isa = PBXGroup;
			children = (
				FF897C491C01AC63001B2634 /* ConnectMeTests.swift */,
				FF897C4B1C01AC63001B2634 /* Info.plist */,
			);
			path = ConnectMeTests;
			sourceTree = "<group>";
		};
		FF897C531C01AC63001B2634 /* ConnectMeUITests */ = {
			isa = PBXGroup;
			children = (
				FF897C541C01AC63001B2634 /* ConnectMeUITests.swift */,
				FF897C561C01AC63001B2634 /* Info.plist */,
			);
			path = ConnectMeUITests;
			sourceTree = "<group>";
		};
/* End PBXGroup section */

/* Begin PBXNativeTarget section */
		FF897C301C01AC63001B2634 /* ConnectMe */ = {
			isa = PBXNativeTarget;
			buildConfigurationList = FF897C591C01AC63001B2634 /* Build configuration list for PBXNativeTarget "ConnectMe" */;
			buildPhases = (
				FF897C2D1C01AC63001B2634 /* Sources */,
				FF897C2E1C01AC63001B2634 /* Frameworks */,
				FF897C2F1C01AC63001B2634 /* Resources */,
			);
			buildRules = (
			);
			dependencies = (
			);
			name = ConnectMe;
			productName = ConnectMe;
			productReference = FF897C311C01AC63001B2634 /* ConnectMe.app */;
			productType = "com.apple.product-type.application";
		};
		FF897C441C01AC63001B2634 /* ConnectMeTests */ = {
			isa = PBXNativeTarget;
			buildConfigurationList = FF897C5C1C01AC63001B2634 /* Build configuration list for PBXNativeTarget "ConnectMeTests" */;
			buildPhases = (
				FF897C411C01AC63001B2634 /* Sources */,
				FF897C421C01AC63001B2634 /* Frameworks */,
				FF897C431C01AC63001B2634 /* Resources */,
			);
			buildRules = (
			);
			dependencies = (
				FF897C471C01AC63001B2634 /* PBXTargetDependency */,
			);
			name = ConnectMeTests;
			productName = ConnectMeTests;
			productReference = FF897C451C01AC63001B2634 /* ConnectMeTests.xctest */;
			productType = "com.apple.product-type.bundle.unit-test";
		};
		FF897C4F1C01AC63001B2634 /* ConnectMeUITests */ = {
			isa = PBXNativeTarget;
			buildConfigurationList = FF897C5F1C01AC63001B2634 /* Build configuration list for PBXNativeTarget "ConnectMeUITests" */;
			buildPhases = (
				FF897C4C1C01AC63001B2634 /* Sources */,
				FF897C4D1C01AC63001B2634 /* Frameworks */,
				FF897C4E1C01AC63001B2634 /* Resources */,
			);
			buildRules = (
			);
			dependencies = (
				FF897C521C01AC63001B2634 /* PBXTargetDependency */,
			);
			name = ConnectMeUITests;
			productName = ConnectMeUITests;
			productReference = FF897C501C01AC63001B2634 /* ConnectMeUITests.xctest */;
			productType = "com.apple.product-type.bundle.ui-testing";
		};
/* End PBXNativeTarget section */

/* Begin PBXProject section */
		FF897C291C01AC63001B2634 /* Project object */ = {
			isa = PBXProject;
			attributes = {
				LastSwiftUpdateCheck = 0710;
				LastUpgradeCheck = 0710;
				ORGANIZATIONNAME = ConnectMe;
				TargetAttributes = {
					FF897C301C01AC63001B2634 = {
						CreatedOnToolsVersion = 7.1.1;
					};
					FF897C441C01AC63001B2634 = {
						CreatedOnToolsVersion = 7.1.1;
						TestTargetID = FF897C301C01AC63001B2634;
					};
					FF897C4F1C01AC63001B2634 = {
						CreatedOnToolsVersion = 7.1.1;
						TestTargetID = FF897C301C01AC63001B2634;
					};
				};
			};
			buildConfigurationList = FF897C2C1C01AC63001B2634 /* Build configuration list for PBXProject "ConnectMe" */;
			compatibilityVersion = "Xcode 3.2";
			developmentRegion = English;
			hasScannedForEncodings = 0;
			knownRegions = (
				en,
				Base,
			);
			mainGroup = FF897C281C01AC63001B2634;
			productRefGroup = FF897C321C01AC63001B2634 /* Products */;
			projectDirPath = "";
			projectRoot = "";
			targets = (
				FF897C301C01AC63001B2634 /* ConnectMe */,
				FF897C441C01AC63001B2634 /* ConnectMeTests */,
				FF897C4F1C01AC63001B2634 /* ConnectMeUITests */,
			);
		};
/* End PBXProject section */

/* Begin PBXResourcesBuildPhase section */
		FF897C2F1C01AC63001B2634 /* Resources */ = {
			isa = PBXResourcesBuildPhase;
			buildActionMask = 2147483647;
			files = (
				FF65D31E1C1E0BFC0015C99F /* Main.storyboard in Resources */,
				FF897C3C1C01AC63001B2634 /* Assets.xcassets in Resources */,
			);
			runOnlyForDeploymentPostprocessing = 0;
		};
		FF897C431C01AC63001B2634 /* Resources */ = {
			isa = PBXResourcesBuildPhase;
			buildActionMask = 2147483647;
			files = (
			);
			runOnlyForDeploymentPostprocessing = 0;
		};
		FF897C4E1C01AC63001B2634 /* Resources */ = {
			isa = PBXResourcesBuildPhase;
			buildActionMask = 2147483647;
			files = (
			);
			runOnlyForDeploymentPostprocessing = 0;
		};
/* End PBXResourcesBuildPhase section */

/* Begin PBXSourcesBuildPhase section */
		FF897C2D1C01AC63001B2634 /* Sources */ = {
			isa = PBXSourcesBuildPhase;
			buildActionMask = 2147483647;
			files = (
				FF7878421C26A0CC00354936 /* CameraController.swift in Sources */,
				FF7878401C26A0A900354936 /* MenuController.swift in Sources */,
				FF7878461C281A2500354936 /* HomeController.swift in Sources */,
				FF7878771C34EC4A00354936 /* RecentConnections.swift in Sources */,
				FFF442361C4B2244007651DE /* Functions.swift in Sources */,
				FF897C371C01AC63001B2634 /* ViewController.swift in Sources */,
				FF7878791C352D0400354936 /* TableViewCell.swift in Sources */,
				FF78783E1C24A9F000354936 /* User.swift in Sources */,
				FF7878611C3010E700354936 /* LogInController.swift in Sources */,
				FF897C351C01AC63001B2634 /* AppDelegate.swift in Sources */,
				FF65D3221C1EA3D60015C99F /* SignUpController.swift in Sources */,
			);
			runOnlyForDeploymentPostprocessing = 0;
		};
		FF897C411C01AC63001B2634 /* Sources */ = {
			isa = PBXSourcesBuildPhase;
			buildActionMask = 2147483647;
			files = (
				FF897C4A1C01AC63001B2634 /* ConnectMeTests.swift in Sources */,
			);
			runOnlyForDeploymentPostprocessing = 0;
		};
		FF897C4C1C01AC63001B2634 /* Sources */ = {
			isa = PBXSourcesBuildPhase;
			buildActionMask = 2147483647;
			files = (
				FF897C551C01AC63001B2634 /* ConnectMeUITests.swift in Sources */,
			);
			runOnlyForDeploymentPostprocessing = 0;
		};
/* End PBXSourcesBuildPhase section */

/* Begin PBXTargetDependency section */
		FF897C471C01AC63001B2634 /* PBXTargetDependency */ = {
			isa = PBXTargetDependency;
			target = FF897C301C01AC63001B2634 /* ConnectMe */;
			targetProxy = FF897C461C01AC63001B2634 /* PBXContainerItemProxy */;
		};
		FF897C521C01AC63001B2634 /* PBXTargetDependency */ = {
			isa = PBXTargetDependency;
			target = FF897C301C01AC63001B2634 /* ConnectMe */;
			targetProxy = FF897C511C01AC63001B2634 /* PBXContainerItemProxy */;
		};
/* End PBXTargetDependency section */

/* Begin PBXVariantGroup section */
		FF65D31C1C1E0BFC0015C99F /* Main.storyboard */ = {
			isa = PBXVariantGroup;
			children = (
				FF65D31D1C1E0BFC0015C99F /* Base */,
			);
			name = Main.storyboard;
			sourceTree = "<group>";
		};
/* End PBXVariantGroup section */

/* Begin XCBuildConfiguration section */
		FF897C571C01AC63001B2634 /* Debug */ = {
			isa = XCBuildConfiguration;
			buildSettings = {
				ALWAYS_SEARCH_USER_PATHS = NO;
				CLANG_CXX_LANGUAGE_STANDARD = "gnu++0x";
				CLANG_CXX_LIBRARY = "libc++";
				CLANG_ENABLE_MODULES = YES;
				CLANG_ENABLE_OBJC_ARC = YES;
				CLANG_WARN_BOOL_CONVERSION = YES;
				CLANG_WARN_CONSTANT_CONVERSION = YES;
				CLANG_WARN_DIRECT_OBJC_ISA_USAGE = YES_ERROR;
				CLANG_WARN_EMPTY_BODY = YES;
				CLANG_WARN_ENUM_CONVERSION = YES;
				CLANG_WARN_INT_CONVERSION = YES;
				CLANG_WARN_OBJC_ROOT_CLASS = YES_ERROR;
				CLANG_WARN_UNREACHABLE_CODE = YES;
				CLANG_WARN__DUPLICATE_METHOD_MATCH = YES;
				"CODE_SIGN_IDENTITY[sdk=iphoneos*]" = "iPhone Developer";
				COPY_PHASE_STRIP = NO;
				DEBUG_INFORMATION_FORMAT = dwarf;
				ENABLE_STRICT_OBJC_MSGSEND = YES;
				ENABLE_TESTABILITY = YES;
				GCC_C_LANGUAGE_STANDARD = gnu99;
				GCC_DYNAMIC_NO_PIC = NO;
				GCC_NO_COMMON_BLOCKS = YES;
				GCC_OPTIMIZATION_LEVEL = 0;
				GCC_PREPROCESSOR_DEFINITIONS = (
					"DEBUG=1",
					"$(inherited)",
				);
				GCC_WARN_64_TO_32_BIT_CONVERSION = YES;
				GCC_WARN_ABOUT_RETURN_TYPE = YES_ERROR;
				GCC_WARN_UNDECLARED_SELECTOR = YES;
				GCC_WARN_UNINITIALIZED_AUTOS = YES_AGGRESSIVE;
				GCC_WARN_UNUSED_FUNCTION = YES;
				GCC_WARN_UNUSED_VARIABLE = YES;
				IPHONEOS_DEPLOYMENT_TARGET = 9.1;
				MTL_ENABLE_DEBUG_INFO = YES;
				ONLY_ACTIVE_ARCH = YES;
				SDKROOT = iphoneos;
				SWIFT_OPTIMIZATION_LEVEL = "-Onone";
				TARGETED_DEVICE_FAMILY = "1,2";
			};
			name = Debug;
		};
		FF897C581C01AC63001B2634 /* Release */ = {
			isa = XCBuildConfiguration;
			buildSettings = {
				ALWAYS_SEARCH_USER_PATHS = NO;
				CLANG_CXX_LANGUAGE_STANDARD = "gnu++0x";
				CLANG_CXX_LIBRARY = "libc++";
				CLANG_ENABLE_MODULES = YES;
				CLANG_ENABLE_OBJC_ARC = YES;
				CLANG_WARN_BOOL_CONVERSION = YES;
				CLANG_WARN_CONSTANT_CONVERSION = YES;
				CLANG_WARN_DIRECT_OBJC_ISA_USAGE = YES_ERROR;
				CLANG_WARN_EMPTY_BODY = YES;
				CLANG_WARN_ENUM_CONVERSION = YES;
				CLANG_WARN_INT_CONVERSION = YES;
				CLANG_WARN_OBJC_ROOT_CLASS = YES_ERROR;
				CLANG_WARN_UNREACHABLE_CODE = YES;
				CLANG_WARN__DUPLICATE_METHOD_MATCH = YES;
				"CODE_SIGN_IDENTITY[sdk=iphoneos*]" = "iPhone Developer";
				COPY_PHASE_STRIP = NO;
				DEBUG_INFORMATION_FORMAT = "dwarf-with-dsym";
				ENABLE_NS_ASSERTIONS = NO;
				ENABLE_STRICT_OBJC_MSGSEND = YES;
				GCC_C_LANGUAGE_STANDARD = gnu99;
				GCC_NO_COMMON_BLOCKS = YES;
				GCC_WARN_64_TO_32_BIT_CONVERSION = YES;
				GCC_WARN_ABOUT_RETURN_TYPE = YES_ERROR;
				GCC_WARN_UNDECLARED_SELECTOR = YES;
				GCC_WARN_UNINITIALIZED_AUTOS = YES_AGGRESSIVE;
				GCC_WARN_UNUSED_FUNCTION = YES;
				GCC_WARN_UNUSED_VARIABLE = YES;
				IPHONEOS_DEPLOYMENT_TARGET = 9.1;
				MTL_ENABLE_DEBUG_INFO = NO;
				SDKROOT = iphoneos;
				TARGETED_DEVICE_FAMILY = "1,2";
				VALIDATE_PRODUCT = YES;
			};
			name = Release;
		};
		FF897C5A1C01AC63001B2634 /* Debug */ = {
			isa = XCBuildConfiguration;
			buildSettings = {
				ASSETCATALOG_COMPILER_APPICON_NAME = AppIcon;
				FRAMEWORK_SEARCH_PATHS = (
					"$(inherited)",
					"$(PROJECT_DIR)",
				);
				INFOPLIST_FILE = ConnectMe/Info.plist;
				LD_RUNPATH_SEARCH_PATHS = "$(inherited) @executable_path/Frameworks";
				PRODUCT_BUNDLE_IDENTIFIER = com.ConnectMe;
				PRODUCT_NAME = "$(TARGET_NAME)";
			};
			name = Debug;
		};
		FF897C5B1C01AC63001B2634 /* Release */ = {
			isa = XCBuildConfiguration;
			buildSettings = {
				ASSETCATALOG_COMPILER_APPICON_NAME = AppIcon;
				FRAMEWORK_SEARCH_PATHS = (
					"$(inherited)",
					"$(PROJECT_DIR)",
				);
				INFOPLIST_FILE = ConnectMe/Info.plist;
				LD_RUNPATH_SEARCH_PATHS = "$(inherited) @executable_path/Frameworks";
				PRODUCT_BUNDLE_IDENTIFIER = com.ConnectMe;
				PRODUCT_NAME = "$(TARGET_NAME)";
			};
			name = Release;
		};
		FF897C5D1C01AC63001B2634 /* Debug */ = {
			isa = XCBuildConfiguration;
			buildSettings = {
				BUNDLE_LOADER = "$(TEST_HOST)";
				INFOPLIST_FILE = ConnectMeTests/Info.plist;
				LD_RUNPATH_SEARCH_PATHS = "$(inherited) @executable_path/Frameworks @loader_path/Frameworks";
				PRODUCT_BUNDLE_IDENTIFIER = com.ConnectMeTests;
				PRODUCT_NAME = "$(TARGET_NAME)";
				TEST_HOST = "$(BUILT_PRODUCTS_DIR)/ConnectMe.app/ConnectMe";
			};
			name = Debug;
		};
		FF897C5E1C01AC63001B2634 /* Release */ = {
			isa = XCBuildConfiguration;
			buildSettings = {
				BUNDLE_LOADER = "$(TEST_HOST)";
				INFOPLIST_FILE = ConnectMeTests/Info.plist;
				LD_RUNPATH_SEARCH_PATHS = "$(inherited) @executable_path/Frameworks @loader_path/Frameworks";
				PRODUCT_BUNDLE_IDENTIFIER = com.ConnectMeTests;
				PRODUCT_NAME = "$(TARGET_NAME)";
				TEST_HOST = "$(BUILT_PRODUCTS_DIR)/ConnectMe.app/ConnectMe";
			};
			name = Release;
		};
		FF897C601C01AC63001B2634 /* Debug */ = {
			isa = XCBuildConfiguration;
			buildSettings = {
				INFOPLIST_FILE = ConnectMeUITests/Info.plist;
				LD_RUNPATH_SEARCH_PATHS = "$(inherited) @executable_path/Frameworks @loader_path/Frameworks";
				PRODUCT_BUNDLE_IDENTIFIER = com.ConnectMeUITests;
				PRODUCT_NAME = "$(TARGET_NAME)";
				TEST_TARGET_NAME = ConnectMe;
				USES_XCTRUNNER = YES;
			};
			name = Debug;
		};
		FF897C611C01AC63001B2634 /* Release */ = {
			isa = XCBuildConfiguration;
			buildSettings = {
				INFOPLIST_FILE = ConnectMeUITests/Info.plist;
				LD_RUNPATH_SEARCH_PATHS = "$(inherited) @executable_path/Frameworks @loader_path/Frameworks";
				PRODUCT_BUNDLE_IDENTIFIER = com.ConnectMeUITests;
				PRODUCT_NAME = "$(TARGET_NAME)";
				TEST_TARGET_NAME = ConnectMe;
				USES_XCTRUNNER = YES;
			};
			name = Release;
		};
/* End XCBuildConfiguration section */

/* Begin XCConfigurationList section */
		FF897C2C1C01AC63001B2634 /* Build configuration list for PBXProject "ConnectMe" */ = {
			isa = XCConfigurationList;
			buildConfigurations = (
				FF897C571C01AC63001B2634 /* Debug */,
				FF897C581C01AC63001B2634 /* Release */,
			);
			defaultConfigurationIsVisible = 0;
			defaultConfigurationName = Release;
		};
		FF897C591C01AC63001B2634 /* Build configuration list for PBXNativeTarget "ConnectMe" */ = {
			isa = XCConfigurationList;
			buildConfigurations = (
				FF897C5A1C01AC63001B2634 /* Debug */,
				FF897C5B1C01AC63001B2634 /* Release */,
			);
			defaultConfigurationIsVisible = 0;
			defaultConfigurationName = Release;
		};
		FF897C5C1C01AC63001B2634 /* Build configuration list for PBXNativeTarget "ConnectMeTests" */ = {
			isa = XCConfigurationList;
			buildConfigurations = (
				FF897C5D1C01AC63001B2634 /* Debug */,
				FF897C5E1C01AC63001B2634 /* Release */,
			);
			defaultConfigurationIsVisible = 0;
			defaultConfigurationName = Release;
		};
		FF897C5F1C01AC63001B2634 /* Build configuration list for PBXNativeTarget "ConnectMeUITests" */ = {
			isa = XCConfigurationList;
			buildConfigurations = (
				FF897C601C01AC63001B2634 /* Debug */,
				FF897C611C01AC63001B2634 /* Release */,
			);
			defaultConfigurationIsVisible = 0;
			defaultConfigurationName = Release;
		};
/* End XCConfigurationList section */
	};
	rootObject = FF897C291C01AC63001B2634 /* Project object */;
}
