// !$*UTF8*$!
{
	archiveVersion = 1;
	classes = {
	};
	objectVersion = 46;
	objects = {

/* Begin PBXBuildFile section */
		1E03A7848D4BE5F856CE241B /* Pods_Aquaint.framework in Frameworks */ = {isa = PBXBuildFile; fileRef = 34EEF12311B0D735B7FE379F /* Pods_Aquaint.framework */; };
		4D2DB745884A414A67AEC73E /* Pods_AquaintUITests.framework in Frameworks */ = {isa = PBXBuildFile; fileRef = 01D42B7474E582FDC3F9AFB8 /* Pods_AquaintUITests.framework */; };
		50F99A2E1EB9B6B100411C53 /* NoticeOfSubscriptionViewController.swift in Sources */ = {isa = PBXBuildFile; fileRef = 50F99A2D1EB9B6B100411C53 /* NoticeOfSubscriptionViewController.swift */; };
		76209F1DB6FBD0F8C19CC5AC /* Pods_AquaintTests.framework in Frameworks */ = {isa = PBXBuildFile; fileRef = A510A69C38AC090A6E7B973F /* Pods_AquaintTests.framework */; };
		FF0BF0211CB6D808005188DA /* MainContainerViewController.swift in Sources */ = {isa = PBXBuildFile; fileRef = FF0BF0201CB6D808005188DA /* MainContainerViewController.swift */; };
		FF0BF0231CB6DC78005188DA /* ProfileViewController.swift in Sources */ = {isa = PBXBuildFile; fileRef = FF0BF0221CB6DC78005188DA /* ProfileViewController.swift */; };
		FF0BF0251CB6DCB3005188DA /* SearchViewController.swift in Sources */ = {isa = PBXBuildFile; fileRef = FF0BF0241CB6DCB3005188DA /* SearchViewController.swift */; };
		FF0E82D61D95FB29003E87A1 /* NewsfeedEntryClass.swift in Sources */ = {isa = PBXBuildFile; fileRef = FF0E82D51D95FB28003E87A1 /* NewsfeedEntryClass.swift */; };
		FF1001ED1C80374A00B53F8B /* MainPageViewController.swift in Sources */ = {isa = PBXBuildFile; fileRef = FF1001EC1C80374A00B53F8B /* MainPageViewController.swift */; };
		FF1660071D4323F400900686 /* DropDownTableViewFunctions.swift in Sources */ = {isa = PBXBuildFile; fileRef = FF1660061D4323F400900686 /* DropDownTableViewFunctions.swift */; };
		FF1D95E91D89EA960012066C /* PasswordResetViewController.swift in Sources */ = {isa = PBXBuildFile; fileRef = FF1D95E81D89EA960012066C /* PasswordResetViewController.swift */; };
		FF23A12F1D9056AF0062E9A0 /* AddSocialMediaPageTableViewCell.swift in Sources */ = {isa = PBXBuildFile; fileRef = FF23A12E1D9056AF0062E9A0 /* AddSocialMediaPageTableViewCell.swift */; };
		FF3834D31D6D483E00FC9F2A /* PopUpAlert.storyboard in Resources */ = {isa = PBXBuildFile; fileRef = FF3834D21D6D483E00FC9F2A /* PopUpAlert.storyboard */; };
		FF3834D51D6D529500FC9F2A /* ProfilePopupView.swift in Sources */ = {isa = PBXBuildFile; fileRef = FF3834D41D6D529500FC9F2A /* ProfilePopupView.swift */; };
		FF3C9CA21E8CD00700C32C34 /* AnalyticsFreeViewTableViewCell.swift in Sources */ = {isa = PBXBuildFile; fileRef = FF3C9CA11E8CD00700C32C34 /* AnalyticsFreeViewTableViewCell.swift */; };
		FF47274D1D48750F0065F418 /* SectionHeaderCell.swift in Sources */ = {isa = PBXBuildFile; fileRef = FF47274C1D48750F0065F418 /* SectionHeaderCell.swift */; };
		FF4D07B11E9D9FF6004919D3 /* LocalAuthentication.framework in Frameworks */ = {isa = PBXBuildFile; fileRef = FF4D07B01E9D9FF6004919D3 /* LocalAuthentication.framework */; };
		FF4D07B41E9DA6D7004919D3 /* ReusableWebView.storyboard in Resources */ = {isa = PBXBuildFile; fileRef = FF4D07B31E9DA6D7004919D3 /* ReusableWebView.storyboard */; };
		FF4D07B61E9DA706004919D3 /* ReusableWebViewController.swift in Sources */ = {isa = PBXBuildFile; fileRef = FF4D07B51E9DA706004919D3 /* ReusableWebViewController.swift */; };
		FF5D303E1CBA238600BD417B /* MenuTableViewCell.swift in Sources */ = {isa = PBXBuildFile; fileRef = FF5D303D1CBA238600BD417B /* MenuTableViewCell.swift */; };
		FF5D30401CBA55DE00BD417B /* RequestsTableViewCell.swift in Sources */ = {isa = PBXBuildFile; fileRef = FF5D303F1CBA55DE00BD417B /* RequestsTableViewCell.swift */; };
		FF6197A31E59B4DA00B94618 /* Animations.swift in Sources */ = {isa = PBXBuildFile; fileRef = FF6197A21E59B4D900B94618 /* Animations.swift */; };
		FF6331681D286BAB00967266 /* AddressBook.framework in Frameworks */ = {isa = PBXBuildFile; fileRef = FF6331671D286BAB00967266 /* AddressBook.framework */; };
		FF63316A1D286BB200967266 /* SafariServices.framework in Frameworks */ = {isa = PBXBuildFile; fileRef = FF6331691D286BB200967266 /* SafariServices.framework */; };
		FF63316D1D286D4300967266 /* AWSMobileClient.swift in Sources */ = {isa = PBXBuildFile; fileRef = FF63316B1D286D4300967266 /* AWSMobileClient.swift */; };
		FF63316E1D286D4300967266 /* AWSMobileHubHelper.framework in Frameworks */ = {isa = PBXBuildFile; fileRef = FF63316C1D286D4300967266 /* AWSMobileHubHelper.framework */; };
		FF65D31E1C1E0BFC0015C99F /* Main.storyboard in Resources */ = {isa = PBXBuildFile; fileRef = FF65D31C1C1E0BFC0015C99F /* Main.storyboard */; };
		FF65D3221C1EA3D60015C99F /* SignUpController.swift in Sources */ = {isa = PBXBuildFile; fileRef = FF65D3211C1EA3D60015C99F /* SignUpController.swift */; };
		FF6813F21E0B7D1D007930BA /* AddSocialContactsViewController.swift in Sources */ = {isa = PBXBuildFile; fileRef = FF6813F11E0B7D1D007930BA /* AddSocialContactsViewController.swift */; };
		FF6813F41E0DF1F0007930BA /* FollowRequestsViewController.swift in Sources */ = {isa = PBXBuildFile; fileRef = FF6813F31E0DF1F0007930BA /* FollowRequestsViewController.swift */; };
		FF6813F61E0DF60D007930BA /* FollowRequestsTableViewCell.swift in Sources */ = {isa = PBXBuildFile; fileRef = FF6813F51E0DF60D007930BA /* FollowRequestsTableViewCell.swift */; };
		FF690F621E8B403F003FA5B4 /* AnalyticsDisplayViewController.swift in Sources */ = {isa = PBXBuildFile; fileRef = FF690F611E8B403F003FA5B4 /* AnalyticsDisplayViewController.swift */; };
		FF690F641E8B407A003FA5B4 /* AnalyticsDisplay.swift in Sources */ = {isa = PBXBuildFile; fileRef = FF690F631E8B407A003FA5B4 /* AnalyticsDisplay.swift */; };
		FF690F661E8B409E003FA5B4 /* AnalyticsDisplay.storyboard in Resources */ = {isa = PBXBuildFile; fileRef = FF690F651E8B409E003FA5B4 /* AnalyticsDisplay.storyboard */; };
		FF690F6A1E8B40FD003FA5B4 /* PaymentsDisplay.storyboard in Resources */ = {isa = PBXBuildFile; fileRef = FF690F691E8B40FD003FA5B4 /* PaymentsDisplay.storyboard */; };
		FF690F6C1E8B410B003FA5B4 /* PaymentsDisplay.swift in Sources */ = {isa = PBXBuildFile; fileRef = FF690F6B1E8B410B003FA5B4 /* PaymentsDisplay.swift */; };
		FF690F701E8B7559003FA5B4 /* AnalyticsHeaderTableViewCell.swift in Sources */ = {isa = PBXBuildFile; fileRef = FF690F6F1E8B7559003FA5B4 /* AnalyticsHeaderTableViewCell.swift */; };
		FF690F721E8B758A003FA5B4 /* AnalyticsContentTableViewCell.swift in Sources */ = {isa = PBXBuildFile; fileRef = FF690F711E8B758A003FA5B4 /* AnalyticsContentTableViewCell.swift */; };
		FF7323F01C6EB5DD00A95A98 /* SocialMediaCollectionViewCell.swift in Sources */ = {isa = PBXBuildFile; fileRef = FF7323EF1C6EB5DD00A95A98 /* SocialMediaCollectionViewCell.swift */; };
		FF7878401C26A0A900354936 /* MenuController.swift in Sources */ = {isa = PBXBuildFile; fileRef = FF78783F1C26A0A900354936 /* MenuController.swift */; };
		FF7878421C26A0CC00354936 /* CameraController.swift in Sources */ = {isa = PBXBuildFile; fileRef = FF7878411C26A0CC00354936 /* CameraController.swift */; };
		FF7878461C281A2500354936 /* FriendRequestsController.swift in Sources */ = {isa = PBXBuildFile; fileRef = FF7878451C281A2500354936 /* FriendRequestsController.swift */; };
		FF78785C1C30008C00354936 /* libz.tbd in Frameworks */ = {isa = PBXBuildFile; fileRef = FF78785B1C30008C00354936 /* libz.tbd */; };
		FF78785E1C30009900354936 /* libsqlite3.tbd in Frameworks */ = {isa = PBXBuildFile; fileRef = FF78785D1C30009900354936 /* libsqlite3.tbd */; };
		FF7878611C3010E700354936 /* LogInController.swift in Sources */ = {isa = PBXBuildFile; fileRef = FF7878601C3010E600354936 /* LogInController.swift */; };
		FF7878631C30265800354936 /* AudioToolbox.framework in Frameworks */ = {isa = PBXBuildFile; fileRef = FF7878621C30265800354936 /* AudioToolbox.framework */; };
		FF7878651C30266000354936 /* CFNetwork.framework in Frameworks */ = {isa = PBXBuildFile; fileRef = FF7878641C30266000354936 /* CFNetwork.framework */; };
		FF7878671C30266600354936 /* CoreGraphics.framework in Frameworks */ = {isa = PBXBuildFile; fileRef = FF7878661C30266600354936 /* CoreGraphics.framework */; };
		FF7878691C30266C00354936 /* CoreLocation.framework in Frameworks */ = {isa = PBXBuildFile; fileRef = FF7878681C30266C00354936 /* CoreLocation.framework */; };
		FF78786B1C30267500354936 /* QuartzCore.framework in Frameworks */ = {isa = PBXBuildFile; fileRef = FF78786A1C30267500354936 /* QuartzCore.framework */; };
		FF78786D1C30267C00354936 /* Security.framework in Frameworks */ = {isa = PBXBuildFile; fileRef = FF78786C1C30267C00354936 /* Security.framework */; };
		FF78786F1C30268500354936 /* StoreKit.framework in Frameworks */ = {isa = PBXBuildFile; fileRef = FF78786E1C30268500354936 /* StoreKit.framework */; };
		FF7878711C30268C00354936 /* SystemConfiguration.framework in Frameworks */ = {isa = PBXBuildFile; fileRef = FF7878701C30268C00354936 /* SystemConfiguration.framework */; };
		FF7878731C3026BB00354936 /* Bolts.framework in Frameworks */ = {isa = PBXBuildFile; fileRef = FF7878721C3026BB00354936 /* Bolts.framework */; };
		FF7878751C3026C200354936 /* Parse.framework in Frameworks */ = {isa = PBXBuildFile; fileRef = FF7878741C3026C200354936 /* Parse.framework */; };
		FF7878771C34EC4A00354936 /* RecentConnections.swift in Sources */ = {isa = PBXBuildFile; fileRef = FF7878761C34EC4A00354936 /* RecentConnections.swift */; };
		FF7878791C352D0400354936 /* TableViewCell.swift in Sources */ = {isa = PBXBuildFile; fileRef = FF7878781C352D0400354936 /* TableViewCell.swift */; };
		FF83A4DF1CC59A3900AFB26B /* RBResizer.swift in Sources */ = {isa = PBXBuildFile; fileRef = FF83A4DE1CC59A3800AFB26B /* RBResizer.swift */; };
		FF84201E1D299A5E002D2927 /* SignUpVerificationController.swift in Sources */ = {isa = PBXBuildFile; fileRef = FF84201D1D299A5E002D2927 /* SignUpVerificationController.swift */; };
		FF8420201D299A9C002D2927 /* SignUpFetchMoreDataController.swift in Sources */ = {isa = PBXBuildFile; fileRef = FF84201F1D299A9C002D2927 /* SignUpFetchMoreDataController.swift */; };
		FF8420221D29B59F002D2927 /* BackendAPI.swift in Sources */ = {isa = PBXBuildFile; fileRef = FF8420211D29B59F002D2927 /* BackendAPI.swift */; };
		FF8420241D2B42A0002D2927 /* DynamoDBClasses.swift in Sources */ = {isa = PBXBuildFile; fileRef = FF8420231D2B42A0002D2927 /* DynamoDBClasses.swift */; };
		FF8420261D30A138002D2927 /* AddSocialMediaProfilesController.swift in Sources */ = {isa = PBXBuildFile; fileRef = FF8420251D30A138002D2927 /* AddSocialMediaProfilesController.swift */; };
		FF89728E1E10A44800A4D9C4 /* ForgotPasswordViewController.swift in Sources */ = {isa = PBXBuildFile; fileRef = FF89728D1E10A44800A4D9C4 /* ForgotPasswordViewController.swift */; };
		FF8972921E14ACB400A4D9C4 /* RefreshContents.xib in Resources */ = {isa = PBXBuildFile; fileRef = FF8972911E14ACB400A4D9C4 /* RefreshContents.xib */; };
		FF8972941E14B10C00A4D9C4 /* CustomRefreshControl.swift in Sources */ = {isa = PBXBuildFile; fileRef = FF8972931E14B10C00A4D9C4 /* CustomRefreshControl.swift */; };
		FF8972981E198FF000A4D9C4 /* FollowerListView.storyboard in Resources */ = {isa = PBXBuildFile; fileRef = FF8972971E198FF000A4D9C4 /* FollowerListView.storyboard */; };
		FF89729A1E1991D500A4D9C4 /* FollowerListViewController.swift in Sources */ = {isa = PBXBuildFile; fileRef = FF8972991E1991D500A4D9C4 /* FollowerListViewController.swift */; };
		FF89729C1E19B34B00A4D9C4 /* AquaintsSingleFollowerListViewController.swift in Sources */ = {isa = PBXBuildFile; fileRef = FF89729B1E19B34B00A4D9C4 /* AquaintsSingleFollowerListViewController.swift */; };
		FF8972A01E1B22E000A4D9C4 /* WalkthroughContainerViewController.swift in Sources */ = {isa = PBXBuildFile; fileRef = FF89729F1E1B22E000A4D9C4 /* WalkthroughContainerViewController.swift */; };
		FF8972A21E1B22F400A4D9C4 /* WalkthroughPageViewController.swift in Sources */ = {isa = PBXBuildFile; fileRef = FF8972A11E1B22F400A4D9C4 /* WalkthroughPageViewController.swift */; };
		FF897C351C01AC63001B2634 /* AppDelegate.swift in Sources */ = {isa = PBXBuildFile; fileRef = FF897C341C01AC63001B2634 /* AppDelegate.swift */; };
		FF897C371C01AC63001B2634 /* ViewController.swift in Sources */ = {isa = PBXBuildFile; fileRef = FF897C361C01AC63001B2634 /* ViewController.swift */; };
		FF897C3C1C01AC63001B2634 /* Assets.xcassets in Resources */ = {isa = PBXBuildFile; fileRef = FF897C3B1C01AC63001B2634 /* Assets.xcassets */; };
		FF90CFF61CD08DE8003DEA18 /* HomeViewController.swift in Sources */ = {isa = PBXBuildFile; fileRef = FF90CFF51CD08DE8003DEA18 /* HomeViewController.swift */; };
		FF9BFCD31D3F308A00987D78 /* CustomSearchBar.swift in Sources */ = {isa = PBXBuildFile; fileRef = FF9BFCD21D3F308A00987D78 /* CustomSearchBar.swift */; };
		FF9BFCD51D3F389500987D78 /* CustomSearchController.swift in Sources */ = {isa = PBXBuildFile; fileRef = FF9BFCD41D3F389500987D78 /* CustomSearchController.swift */; };
		FFB78B851CA5BAA8005A21CC /* SearchTableViewCell.swift in Sources */ = {isa = PBXBuildFile; fileRef = FFB78B841CA5BAA8005A21CC /* SearchTableViewCell.swift */; };
		FFB860281C4C38A800CFB621 /* AquaintTestCase.swift in Sources */ = {isa = PBXBuildFile; fileRef = FFB860271C4C38A800CFB621 /* AquaintTestCase.swift */; };
		FFB8602A1C4C38D300CFB621 /* AquaintUITestCase.swift in Sources */ = {isa = PBXBuildFile; fileRef = FFB860291C4C38D300CFB621 /* AquaintUITestCase.swift */; };
		FFBB872C1C5307F500500FAD /* FBSDKCoreKit.framework in Frameworks */ = {isa = PBXBuildFile; fileRef = FFBB87291C5307F500500FAD /* FBSDKCoreKit.framework */; };
		FFBB872D1C5307F500500FAD /* FBSDKLoginKit.framework in Frameworks */ = {isa = PBXBuildFile; fileRef = FFBB872A1C5307F500500FAD /* FBSDKLoginKit.framework */; };
		FFBB872E1C5307F500500FAD /* FBSDKShareKit.framework in Frameworks */ = {isa = PBXBuildFile; fileRef = FFBB872B1C5307F500500FAD /* FBSDKShareKit.framework */; };
		FFBDD7541CD58F910007A188 /* HomeContainerViewController.swift in Sources */ = {isa = PBXBuildFile; fileRef = FFBDD7531CD58F910007A188 /* HomeContainerViewController.swift */; };
		FFBDD7561CD599690007A188 /* HomePageViewController.swift in Sources */ = {isa = PBXBuildFile; fileRef = FFBDD7551CD599690007A188 /* HomePageViewController.swift */; };
		FFBDD7581CD59A0B0007A188 /* NewsfeedViewController.swift in Sources */ = {isa = PBXBuildFile; fileRef = FFBDD7571CD59A0B0007A188 /* NewsfeedViewController.swift */; };
		FFBDD75A1CD59A2D0007A188 /* WorldNotificationsViewController.swift in Sources */ = {isa = PBXBuildFile; fileRef = FFBDD7591CD59A2D0007A188 /* WorldNotificationsViewController.swift */; };
		FFBDD75F1CD5B5FA0007A188 /* WorldNotificationsTableViewCell.swift in Sources */ = {isa = PBXBuildFile; fileRef = FFBDD75E1CD5B5FA0007A188 /* WorldNotificationsTableViewCell.swift */; };
		FFBDD7611CD5B6190007A188 /* NewsfeedTableViewCell.swift in Sources */ = {isa = PBXBuildFile; fileRef = FFBDD7601CD5B6190007A188 /* NewsfeedTableViewCell.swift */; };
		FFDA62DC1ED131220095AA6E /* ViewControllerPannable.swift in Sources */ = {isa = PBXBuildFile; fileRef = FFDA62DB1ED131220095AA6E /* ViewControllerPannable.swift */; };
		FFEBD2041CA48D2800736B69 /* ConnectionClass.swift in Sources */ = {isa = PBXBuildFile; fileRef = FFEBD2031CA48D2800736B69 /* ConnectionClass.swift */; };
		FFF335901E899EFD00E8B70F /* libGoogleAnalyticsServices.a in Frameworks */ = {isa = PBXBuildFile; fileRef = FFF3358F1E899EFD00E8B70F /* libGoogleAnalyticsServices.a */; };
		FFF335921E89A38600E8B70F /* GoogleService-Info.plist in Resources */ = {isa = PBXBuildFile; fileRef = FFF335911E89A38600E8B70F /* GoogleService-Info.plist */; };
		FFF335A11E89B13F00E8B70F /* CutTransparentHoleInView.swift in Sources */ = {isa = PBXBuildFile; fileRef = FFF3359C1E89B13F00E8B70F /* CutTransparentHoleInView.swift */; };
		FFF335A21E89B13F00E8B70F /* QRScannerController.swift in Sources */ = {isa = PBXBuildFile; fileRef = FFF3359D1E89B13F00E8B70F /* QRScannerController.swift */; };
		FFF335A31E89B13F00E8B70F /* ScanCodeDisplay.storyboard in Resources */ = {isa = PBXBuildFile; fileRef = FFF3359E1E89B13F00E8B70F /* ScanCodeDisplay.storyboard */; };
		FFF335A41E89B13F00E8B70F /* ScanCodeDisplay.swift in Sources */ = {isa = PBXBuildFile; fileRef = FFF3359F1E89B13F00E8B70F /* ScanCodeDisplay.swift */; };
		FFF335A51E89B13F00E8B70F /* ScanCodeDisplayStoryboardViewController.swift in Sources */ = {isa = PBXBuildFile; fileRef = FFF335A01E89B13F00E8B70F /* ScanCodeDisplayStoryboardViewController.swift */; };
		FFF335A91E89B1A200E8B70F /* HelpPopupView.swift in Sources */ = {isa = PBXBuildFile; fileRef = FFF335A71E89B1A200E8B70F /* HelpPopupView.swift */; };
		FFF335AA1E89B1A200E8B70F /* PopUpHelpAlert.storyboard in Resources */ = {isa = PBXBuildFile; fileRef = FFF335A81E89B1A200E8B70F /* PopUpHelpAlert.storyboard */; };
		FFF3A2A71D488F12009EF4F2 /* MenuProfilesCell.swift in Sources */ = {isa = PBXBuildFile; fileRef = FFF3A2A61D488F12009EF4F2 /* MenuProfilesCell.swift */; };
		FFF3A2A91D49BF18009EF4F2 /* MenuButtonTableViewCell.swift in Sources */ = {isa = PBXBuildFile; fileRef = FFF3A2A81D49BF18009EF4F2 /* MenuButtonTableViewCell.swift */; };
		FFF3A2AB1D4EBC08009EF4F2 /* ContactsTableViewCell.swift in Sources */ = {isa = PBXBuildFile; fileRef = FFF3A2AA1D4EBC08009EF4F2 /* ContactsTableViewCell.swift */; };
		FFF442361C4B2244007651DE /* Functions.swift in Sources */ = {isa = PBXBuildFile; fileRef = FFF442351C4B2244007651DE /* Functions.swift */; };
		FFF4423A1C4C2B21007651DE /* Launch Screen.storyboard in Resources */ = {isa = PBXBuildFile; fileRef = FFF442391C4C2B21007651DE /* Launch Screen.storyboard */; };
/* End PBXBuildFile section */

/* Begin PBXContainerItemProxy section */
		FF897C461C01AC63001B2634 /* PBXContainerItemProxy */ = {
			isa = PBXContainerItemProxy;
			containerPortal = FF897C291C01AC63001B2634 /* Project object */;
			proxyType = 1;
			remoteGlobalIDString = FF897C301C01AC63001B2634;
			remoteInfo = ConnectMe;
		};
		FF897C511C01AC63001B2634 /* PBXContainerItemProxy */ = {
			isa = PBXContainerItemProxy;
			containerPortal = FF897C291C01AC63001B2634 /* Project object */;
			proxyType = 1;
			remoteGlobalIDString = FF897C301C01AC63001B2634;
			remoteInfo = ConnectMe;
		};
/* End PBXContainerItemProxy section */

/* Begin PBXFileReference section */
		01D42B7474E582FDC3F9AFB8 /* Pods_AquaintUITests.framework */ = {isa = PBXFileReference; explicitFileType = wrapper.framework; includeInIndex = 0; path = Pods_AquaintUITests.framework; sourceTree = BUILT_PRODUCTS_DIR; };
		2E8833267EF2168C25287F83 /* Pods-AquaintUITests.release.xcconfig */ = {isa = PBXFileReference; includeInIndex = 1; lastKnownFileType = text.xcconfig; name = "Pods-AquaintUITests.release.xcconfig"; path = "Pods/Target Support Files/Pods-AquaintUITests/Pods-AquaintUITests.release.xcconfig"; sourceTree = "<group>"; };
		34EEF12311B0D735B7FE379F /* Pods_Aquaint.framework */ = {isa = PBXFileReference; explicitFileType = wrapper.framework; includeInIndex = 0; path = Pods_Aquaint.framework; sourceTree = BUILT_PRODUCTS_DIR; };
		50F99A2D1EB9B6B100411C53 /* NoticeOfSubscriptionViewController.swift */ = {isa = PBXFileReference; fileEncoding = 4; lastKnownFileType = sourcecode.swift; path = NoticeOfSubscriptionViewController.swift; sourceTree = "<group>"; };
		671137205723932265B11D03 /* Pods-Aquaint.debug.xcconfig */ = {isa = PBXFileReference; includeInIndex = 1; lastKnownFileType = text.xcconfig; name = "Pods-Aquaint.debug.xcconfig"; path = "Pods/Target Support Files/Pods-Aquaint/Pods-Aquaint.debug.xcconfig"; sourceTree = "<group>"; };
		80DE6A0B04CCD15219F58E87 /* Pods-AquaintTests.debug.xcconfig */ = {isa = PBXFileReference; includeInIndex = 1; lastKnownFileType = text.xcconfig; name = "Pods-AquaintTests.debug.xcconfig"; path = "Pods/Target Support Files/Pods-AquaintTests/Pods-AquaintTests.debug.xcconfig"; sourceTree = "<group>"; };
		820A230C1F41AD15AF685EEB /* Pods-Aquaint.release.xcconfig */ = {isa = PBXFileReference; includeInIndex = 1; lastKnownFileType = text.xcconfig; name = "Pods-Aquaint.release.xcconfig"; path = "Pods/Target Support Files/Pods-Aquaint/Pods-Aquaint.release.xcconfig"; sourceTree = "<group>"; };
		9A64274B07B3280E1F621ACD /* Pods-AquaintTests.release.xcconfig */ = {isa = PBXFileReference; includeInIndex = 1; lastKnownFileType = text.xcconfig; name = "Pods-AquaintTests.release.xcconfig"; path = "Pods/Target Support Files/Pods-AquaintTests/Pods-AquaintTests.release.xcconfig"; sourceTree = "<group>"; };
		A510A69C38AC090A6E7B973F /* Pods_AquaintTests.framework */ = {isa = PBXFileReference; explicitFileType = wrapper.framework; includeInIndex = 0; path = Pods_AquaintTests.framework; sourceTree = BUILT_PRODUCTS_DIR; };
		C45821F799B96B5198E5BE7B /* Pods-AquaintUITests.debug.xcconfig */ = {isa = PBXFileReference; includeInIndex = 1; lastKnownFileType = text.xcconfig; name = "Pods-AquaintUITests.debug.xcconfig"; path = "Pods/Target Support Files/Pods-AquaintUITests/Pods-AquaintUITests.debug.xcconfig"; sourceTree = "<group>"; };
		FF0BF0201CB6D808005188DA /* MainContainerViewController.swift */ = {isa = PBXFileReference; fileEncoding = 4; lastKnownFileType = sourcecode.swift; path = MainContainerViewController.swift; sourceTree = "<group>"; };
		FF0BF0221CB6DC78005188DA /* ProfileViewController.swift */ = {isa = PBXFileReference; fileEncoding = 4; lastKnownFileType = sourcecode.swift; name = ProfileViewController.swift; path = ../ProfileViewController.swift; sourceTree = "<group>"; };
		FF0BF0241CB6DCB3005188DA /* SearchViewController.swift */ = {isa = PBXFileReference; fileEncoding = 4; lastKnownFileType = sourcecode.swift; path = SearchViewController.swift; sourceTree = "<group>"; };
		FF0E82D51D95FB28003E87A1 /* NewsfeedEntryClass.swift */ = {isa = PBXFileReference; fileEncoding = 4; lastKnownFileType = sourcecode.swift; path = NewsfeedEntryClass.swift; sourceTree = "<group>"; };
		FF1001EC1C80374A00B53F8B /* MainPageViewController.swift */ = {isa = PBXFileReference; fileEncoding = 4; lastKnownFileType = sourcecode.swift; path = MainPageViewController.swift; sourceTree = "<group>"; };
		FF1660061D4323F400900686 /* DropDownTableViewFunctions.swift */ = {isa = PBXFileReference; fileEncoding = 4; lastKnownFileType = sourcecode.swift; path = DropDownTableViewFunctions.swift; sourceTree = "<group>"; };
		FF1D95E81D89EA960012066C /* PasswordResetViewController.swift */ = {isa = PBXFileReference; fileEncoding = 4; lastKnownFileType = sourcecode.swift; path = PasswordResetViewController.swift; sourceTree = "<group>"; };
		FF23A12E1D9056AF0062E9A0 /* AddSocialMediaPageTableViewCell.swift */ = {isa = PBXFileReference; fileEncoding = 4; lastKnownFileType = sourcecode.swift; path = AddSocialMediaPageTableViewCell.swift; sourceTree = "<group>"; };
		FF3834D21D6D483E00FC9F2A /* PopUpAlert.storyboard */ = {isa = PBXFileReference; fileEncoding = 4; lastKnownFileType = file.storyboard; path = PopUpAlert.storyboard; sourceTree = "<group>"; };
		FF3834D41D6D529500FC9F2A /* ProfilePopupView.swift */ = {isa = PBXFileReference; fileEncoding = 4; lastKnownFileType = sourcecode.swift; path = ProfilePopupView.swift; sourceTree = "<group>"; };
		FF3C9CA11E8CD00700C32C34 /* AnalyticsFreeViewTableViewCell.swift */ = {isa = PBXFileReference; fileEncoding = 4; lastKnownFileType = sourcecode.swift; path = AnalyticsFreeViewTableViewCell.swift; sourceTree = "<group>"; };
		FF47274C1D48750F0065F418 /* SectionHeaderCell.swift */ = {isa = PBXFileReference; fileEncoding = 4; lastKnownFileType = sourcecode.swift; path = SectionHeaderCell.swift; sourceTree = "<group>"; };
		FF4D07B01E9D9FF6004919D3 /* LocalAuthentication.framework */ = {isa = PBXFileReference; lastKnownFileType = wrapper.framework; name = LocalAuthentication.framework; path = System/Library/Frameworks/LocalAuthentication.framework; sourceTree = SDKROOT; };
		FF4D07B31E9DA6D7004919D3 /* ReusableWebView.storyboard */ = {isa = PBXFileReference; fileEncoding = 4; lastKnownFileType = file.storyboard; path = ReusableWebView.storyboard; sourceTree = "<group>"; };
		FF4D07B51E9DA706004919D3 /* ReusableWebViewController.swift */ = {isa = PBXFileReference; fileEncoding = 4; lastKnownFileType = sourcecode.swift; path = ReusableWebViewController.swift; sourceTree = "<group>"; };
		FF5D303D1CBA238600BD417B /* MenuTableViewCell.swift */ = {isa = PBXFileReference; fileEncoding = 4; lastKnownFileType = sourcecode.swift; path = MenuTableViewCell.swift; sourceTree = "<group>"; };
		FF5D303F1CBA55DE00BD417B /* RequestsTableViewCell.swift */ = {isa = PBXFileReference; fileEncoding = 4; lastKnownFileType = sourcecode.swift; path = RequestsTableViewCell.swift; sourceTree = "<group>"; };
		FF6197A21E59B4D900B94618 /* Animations.swift */ = {isa = PBXFileReference; fileEncoding = 4; lastKnownFileType = sourcecode.swift; path = Animations.swift; sourceTree = "<group>"; };
		FF6331671D286BAB00967266 /* AddressBook.framework */ = {isa = PBXFileReference; lastKnownFileType = wrapper.framework; name = AddressBook.framework; path = System/Library/Frameworks/AddressBook.framework; sourceTree = SDKROOT; };
		FF6331691D286BB200967266 /* SafariServices.framework */ = {isa = PBXFileReference; lastKnownFileType = wrapper.framework; name = SafariServices.framework; path = System/Library/Frameworks/SafariServices.framework; sourceTree = SDKROOT; };
		FF63316B1D286D4300967266 /* AWSMobileClient.swift */ = {isa = PBXFileReference; fileEncoding = 4; lastKnownFileType = sourcecode.swift; path = AWSMobileClient.swift; sourceTree = "<group>"; };
		FF63316C1D286D4300967266 /* AWSMobileHubHelper.framework */ = {isa = PBXFileReference; lastKnownFileType = wrapper.framework; path = AWSMobileHubHelper.framework; sourceTree = "<group>"; };
		FF65D31D1C1E0BFC0015C99F /* Base */ = {isa = PBXFileReference; lastKnownFileType = file.storyboard; name = Base; path = Base.lproj/Main.storyboard; sourceTree = "<group>"; };
		FF65D3211C1EA3D60015C99F /* SignUpController.swift */ = {isa = PBXFileReference; fileEncoding = 4; lastKnownFileType = sourcecode.swift; name = SignUpController.swift; path = ../SignUpController.swift; sourceTree = "<group>"; };
		FF6813F11E0B7D1D007930BA /* AddSocialContactsViewController.swift */ = {isa = PBXFileReference; fileEncoding = 4; lastKnownFileType = sourcecode.swift; path = AddSocialContactsViewController.swift; sourceTree = "<group>"; };
		FF6813F31E0DF1F0007930BA /* FollowRequestsViewController.swift */ = {isa = PBXFileReference; fileEncoding = 4; lastKnownFileType = sourcecode.swift; path = FollowRequestsViewController.swift; sourceTree = "<group>"; };
		FF6813F51E0DF60D007930BA /* FollowRequestsTableViewCell.swift */ = {isa = PBXFileReference; fileEncoding = 4; lastKnownFileType = sourcecode.swift; path = FollowRequestsTableViewCell.swift; sourceTree = "<group>"; };
		FF690F611E8B403F003FA5B4 /* AnalyticsDisplayViewController.swift */ = {isa = PBXFileReference; fileEncoding = 4; lastKnownFileType = sourcecode.swift; path = AnalyticsDisplayViewController.swift; sourceTree = "<group>"; };
		FF690F631E8B407A003FA5B4 /* AnalyticsDisplay.swift */ = {isa = PBXFileReference; fileEncoding = 4; lastKnownFileType = sourcecode.swift; path = AnalyticsDisplay.swift; sourceTree = "<group>"; };
		FF690F651E8B409E003FA5B4 /* AnalyticsDisplay.storyboard */ = {isa = PBXFileReference; fileEncoding = 4; lastKnownFileType = file.storyboard; path = AnalyticsDisplay.storyboard; sourceTree = "<group>"; };
		FF690F691E8B40FD003FA5B4 /* PaymentsDisplay.storyboard */ = {isa = PBXFileReference; fileEncoding = 4; lastKnownFileType = file.storyboard; path = PaymentsDisplay.storyboard; sourceTree = "<group>"; };
		FF690F6B1E8B410B003FA5B4 /* PaymentsDisplay.swift */ = {isa = PBXFileReference; fileEncoding = 4; lastKnownFileType = sourcecode.swift; path = PaymentsDisplay.swift; sourceTree = "<group>"; };
		FF690F6F1E8B7559003FA5B4 /* AnalyticsHeaderTableViewCell.swift */ = {isa = PBXFileReference; fileEncoding = 4; lastKnownFileType = sourcecode.swift; path = AnalyticsHeaderTableViewCell.swift; sourceTree = "<group>"; };
		FF690F711E8B758A003FA5B4 /* AnalyticsContentTableViewCell.swift */ = {isa = PBXFileReference; fileEncoding = 4; lastKnownFileType = sourcecode.swift; path = AnalyticsContentTableViewCell.swift; sourceTree = "<group>"; };
		FF7323EF1C6EB5DD00A95A98 /* SocialMediaCollectionViewCell.swift */ = {isa = PBXFileReference; fileEncoding = 4; lastKnownFileType = sourcecode.swift; path = SocialMediaCollectionViewCell.swift; sourceTree = "<group>"; };
		FF78783F1C26A0A900354936 /* MenuController.swift */ = {isa = PBXFileReference; fileEncoding = 4; lastKnownFileType = sourcecode.swift; path = MenuController.swift; sourceTree = "<group>"; };
		FF7878411C26A0CC00354936 /* CameraController.swift */ = {isa = PBXFileReference; fileEncoding = 4; lastKnownFileType = sourcecode.swift; path = CameraController.swift; sourceTree = "<group>"; };
		FF7878451C281A2500354936 /* FriendRequestsController.swift */ = {isa = PBXFileReference; fileEncoding = 4; lastKnownFileType = sourcecode.swift; path = FriendRequestsController.swift; sourceTree = "<group>"; };
		FF78785B1C30008C00354936 /* libz.tbd */ = {isa = PBXFileReference; lastKnownFileType = "sourcecode.text-based-dylib-definition"; name = libz.tbd; path = usr/lib/libz.tbd; sourceTree = SDKROOT; };
		FF78785D1C30009900354936 /* libsqlite3.tbd */ = {isa = PBXFileReference; lastKnownFileType = "sourcecode.text-based-dylib-definition"; name = libsqlite3.tbd; path = usr/lib/libsqlite3.tbd; sourceTree = SDKROOT; };
		FF7878601C3010E600354936 /* LogInController.swift */ = {isa = PBXFileReference; fileEncoding = 4; lastKnownFileType = sourcecode.swift; path = LogInController.swift; sourceTree = "<group>"; };
		FF7878621C30265800354936 /* AudioToolbox.framework */ = {isa = PBXFileReference; lastKnownFileType = wrapper.framework; name = AudioToolbox.framework; path = System/Library/Frameworks/AudioToolbox.framework; sourceTree = SDKROOT; };
		FF7878641C30266000354936 /* CFNetwork.framework */ = {isa = PBXFileReference; lastKnownFileType = wrapper.framework; name = CFNetwork.framework; path = System/Library/Frameworks/CFNetwork.framework; sourceTree = SDKROOT; };
		FF7878661C30266600354936 /* CoreGraphics.framework */ = {isa = PBXFileReference; lastKnownFileType = wrapper.framework; name = CoreGraphics.framework; path = System/Library/Frameworks/CoreGraphics.framework; sourceTree = SDKROOT; };
		FF7878681C30266C00354936 /* CoreLocation.framework */ = {isa = PBXFileReference; lastKnownFileType = wrapper.framework; name = CoreLocation.framework; path = System/Library/Frameworks/CoreLocation.framework; sourceTree = SDKROOT; };
		FF78786A1C30267500354936 /* QuartzCore.framework */ = {isa = PBXFileReference; lastKnownFileType = wrapper.framework; name = QuartzCore.framework; path = System/Library/Frameworks/QuartzCore.framework; sourceTree = SDKROOT; };
		FF78786C1C30267C00354936 /* Security.framework */ = {isa = PBXFileReference; lastKnownFileType = wrapper.framework; name = Security.framework; path = System/Library/Frameworks/Security.framework; sourceTree = SDKROOT; };
		FF78786E1C30268500354936 /* StoreKit.framework */ = {isa = PBXFileReference; lastKnownFileType = wrapper.framework; name = StoreKit.framework; path = System/Library/Frameworks/StoreKit.framework; sourceTree = SDKROOT; };
		FF7878701C30268C00354936 /* SystemConfiguration.framework */ = {isa = PBXFileReference; lastKnownFileType = wrapper.framework; name = SystemConfiguration.framework; path = System/Library/Frameworks/SystemConfiguration.framework; sourceTree = SDKROOT; };
		FF7878721C3026BB00354936 /* Bolts.framework */ = {isa = PBXFileReference; lastKnownFileType = wrapper.framework; name = Bolts.framework; path = "../../../Downloads/parse-library-1.11.0/Bolts.framework"; sourceTree = "<group>"; };
		FF7878741C3026C200354936 /* Parse.framework */ = {isa = PBXFileReference; lastKnownFileType = wrapper.framework; name = Parse.framework; path = "../../../Downloads/parse-library-1.11.0/Parse.framework"; sourceTree = "<group>"; };
		FF7878761C34EC4A00354936 /* RecentConnections.swift */ = {isa = PBXFileReference; fileEncoding = 4; lastKnownFileType = sourcecode.swift; path = RecentConnections.swift; sourceTree = "<group>"; };
		FF7878781C352D0400354936 /* TableViewCell.swift */ = {isa = PBXFileReference; fileEncoding = 4; lastKnownFileType = sourcecode.swift; path = TableViewCell.swift; sourceTree = "<group>"; };
		FF83A4DE1CC59A3800AFB26B /* RBResizer.swift */ = {isa = PBXFileReference; fileEncoding = 4; lastKnownFileType = sourcecode.swift; path = RBResizer.swift; sourceTree = "<group>"; };
		FF84201D1D299A5E002D2927 /* SignUpVerificationController.swift */ = {isa = PBXFileReference; fileEncoding = 4; lastKnownFileType = sourcecode.swift; path = SignUpVerificationController.swift; sourceTree = "<group>"; };
		FF84201F1D299A9C002D2927 /* SignUpFetchMoreDataController.swift */ = {isa = PBXFileReference; fileEncoding = 4; lastKnownFileType = sourcecode.swift; path = SignUpFetchMoreDataController.swift; sourceTree = "<group>"; };
		FF8420211D29B59F002D2927 /* BackendAPI.swift */ = {isa = PBXFileReference; fileEncoding = 4; lastKnownFileType = sourcecode.swift; path = BackendAPI.swift; sourceTree = "<group>"; };
		FF8420231D2B42A0002D2927 /* DynamoDBClasses.swift */ = {isa = PBXFileReference; fileEncoding = 4; lastKnownFileType = sourcecode.swift; path = DynamoDBClasses.swift; sourceTree = "<group>"; };
		FF8420251D30A138002D2927 /* AddSocialMediaProfilesController.swift */ = {isa = PBXFileReference; fileEncoding = 4; lastKnownFileType = sourcecode.swift; path = AddSocialMediaProfilesController.swift; sourceTree = "<group>"; };
		FF89728D1E10A44800A4D9C4 /* ForgotPasswordViewController.swift */ = {isa = PBXFileReference; fileEncoding = 4; lastKnownFileType = sourcecode.swift; path = ForgotPasswordViewController.swift; sourceTree = "<group>"; };
		FF8972911E14ACB400A4D9C4 /* RefreshContents.xib */ = {isa = PBXFileReference; fileEncoding = 4; lastKnownFileType = file.xib; path = RefreshContents.xib; sourceTree = "<group>"; };
		FF8972931E14B10C00A4D9C4 /* CustomRefreshControl.swift */ = {isa = PBXFileReference; fileEncoding = 4; lastKnownFileType = sourcecode.swift; path = CustomRefreshControl.swift; sourceTree = "<group>"; };
		FF8972971E198FF000A4D9C4 /* FollowerListView.storyboard */ = {isa = PBXFileReference; fileEncoding = 4; lastKnownFileType = file.storyboard; path = FollowerListView.storyboard; sourceTree = "<group>"; };
		FF8972991E1991D500A4D9C4 /* FollowerListViewController.swift */ = {isa = PBXFileReference; fileEncoding = 4; lastKnownFileType = sourcecode.swift; path = FollowerListViewController.swift; sourceTree = "<group>"; };
		FF89729B1E19B34B00A4D9C4 /* AquaintsSingleFollowerListViewController.swift */ = {isa = PBXFileReference; fileEncoding = 4; lastKnownFileType = sourcecode.swift; path = AquaintsSingleFollowerListViewController.swift; sourceTree = "<group>"; };
		FF89729F1E1B22E000A4D9C4 /* WalkthroughContainerViewController.swift */ = {isa = PBXFileReference; fileEncoding = 4; lastKnownFileType = sourcecode.swift; path = WalkthroughContainerViewController.swift; sourceTree = "<group>"; };
		FF8972A11E1B22F400A4D9C4 /* WalkthroughPageViewController.swift */ = {isa = PBXFileReference; fileEncoding = 4; lastKnownFileType = sourcecode.swift; path = WalkthroughPageViewController.swift; sourceTree = "<group>"; };
		FF897C311C01AC63001B2634 /* Aquaint.app */ = {isa = PBXFileReference; explicitFileType = wrapper.application; includeInIndex = 0; path = Aquaint.app; sourceTree = BUILT_PRODUCTS_DIR; };
		FF897C341C01AC63001B2634 /* AppDelegate.swift */ = {isa = PBXFileReference; lastKnownFileType = sourcecode.swift; path = AppDelegate.swift; sourceTree = "<group>"; };
		FF897C361C01AC63001B2634 /* ViewController.swift */ = {isa = PBXFileReference; lastKnownFileType = sourcecode.swift; path = ViewController.swift; sourceTree = "<group>"; };
		FF897C3B1C01AC63001B2634 /* Assets.xcassets */ = {isa = PBXFileReference; lastKnownFileType = folder.assetcatalog; path = Assets.xcassets; sourceTree = "<group>"; };
		FF897C401C01AC63001B2634 /* Info.plist */ = {isa = PBXFileReference; lastKnownFileType = text.plist.xml; path = Info.plist; sourceTree = "<group>"; };
		FF897C451C01AC63001B2634 /* Aquaint.xctest */ = {isa = PBXFileReference; explicitFileType = wrapper.cfbundle; includeInIndex = 0; path = Aquaint.xctest; sourceTree = BUILT_PRODUCTS_DIR; };
		FF897C501C01AC63001B2634 /* Aquaint.xctest */ = {isa = PBXFileReference; explicitFileType = wrapper.cfbundle; includeInIndex = 0; path = Aquaint.xctest; sourceTree = BUILT_PRODUCTS_DIR; };
		FF90CFF51CD08DE8003DEA18 /* HomeViewController.swift */ = {isa = PBXFileReference; fileEncoding = 4; lastKnownFileType = sourcecode.swift; path = HomeViewController.swift; sourceTree = "<group>"; };
		FF9BFCD21D3F308A00987D78 /* CustomSearchBar.swift */ = {isa = PBXFileReference; fileEncoding = 4; lastKnownFileType = sourcecode.swift; path = CustomSearchBar.swift; sourceTree = "<group>"; };
		FF9BFCD41D3F389500987D78 /* CustomSearchController.swift */ = {isa = PBXFileReference; fileEncoding = 4; lastKnownFileType = sourcecode.swift; path = CustomSearchController.swift; sourceTree = "<group>"; };
		FFB78B841CA5BAA8005A21CC /* SearchTableViewCell.swift */ = {isa = PBXFileReference; fileEncoding = 4; lastKnownFileType = sourcecode.swift; path = SearchTableViewCell.swift; sourceTree = "<group>"; };
		FFB860271C4C38A800CFB621 /* AquaintTestCase.swift */ = {isa = PBXFileReference; fileEncoding = 4; lastKnownFileType = sourcecode.swift; path = AquaintTestCase.swift; sourceTree = "<group>"; };
		FFB860291C4C38D300CFB621 /* AquaintUITestCase.swift */ = {isa = PBXFileReference; fileEncoding = 4; lastKnownFileType = sourcecode.swift; path = AquaintUITestCase.swift; sourceTree = "<group>"; };
		FFBB87291C5307F500500FAD /* FBSDKCoreKit.framework */ = {isa = PBXFileReference; lastKnownFileType = wrapper.framework; path = FBSDKCoreKit.framework; sourceTree = "<group>"; };
		FFBB872A1C5307F500500FAD /* FBSDKLoginKit.framework */ = {isa = PBXFileReference; lastKnownFileType = wrapper.framework; path = FBSDKLoginKit.framework; sourceTree = "<group>"; };
		FFBB872B1C5307F500500FAD /* FBSDKShareKit.framework */ = {isa = PBXFileReference; lastKnownFileType = wrapper.framework; path = FBSDKShareKit.framework; sourceTree = "<group>"; };
		FFBDD7531CD58F910007A188 /* HomeContainerViewController.swift */ = {isa = PBXFileReference; fileEncoding = 4; lastKnownFileType = sourcecode.swift; path = HomeContainerViewController.swift; sourceTree = "<group>"; };
		FFBDD7551CD599690007A188 /* HomePageViewController.swift */ = {isa = PBXFileReference; fileEncoding = 4; lastKnownFileType = sourcecode.swift; path = HomePageViewController.swift; sourceTree = "<group>"; };
		FFBDD7571CD59A0B0007A188 /* NewsfeedViewController.swift */ = {isa = PBXFileReference; fileEncoding = 4; lastKnownFileType = sourcecode.swift; path = NewsfeedViewController.swift; sourceTree = "<group>"; };
		FFBDD7591CD59A2D0007A188 /* WorldNotificationsViewController.swift */ = {isa = PBXFileReference; fileEncoding = 4; lastKnownFileType = sourcecode.swift; path = WorldNotificationsViewController.swift; sourceTree = "<group>"; };
		FFBDD75E1CD5B5FA0007A188 /* WorldNotificationsTableViewCell.swift */ = {isa = PBXFileReference; fileEncoding = 4; lastKnownFileType = sourcecode.swift; path = WorldNotificationsTableViewCell.swift; sourceTree = "<group>"; };
		FFBDD7601CD5B6190007A188 /* NewsfeedTableViewCell.swift */ = {isa = PBXFileReference; fileEncoding = 4; lastKnownFileType = sourcecode.swift; path = NewsfeedTableViewCell.swift; sourceTree = "<group>"; };
		FFDA62DB1ED131220095AA6E /* ViewControllerPannable.swift */ = {isa = PBXFileReference; fileEncoding = 4; lastKnownFileType = sourcecode.swift; path = ViewControllerPannable.swift; sourceTree = "<group>"; };
		FFEBD2031CA48D2800736B69 /* ConnectionClass.swift */ = {isa = PBXFileReference; fileEncoding = 4; lastKnownFileType = sourcecode.swift; path = ConnectionClass.swift; sourceTree = "<group>"; };
		FFEC2F001CBF448E0044BEC9 /* Aquaint-Bridging-Header.h */ = {isa = PBXFileReference; lastKnownFileType = sourcecode.c.h; name = "Aquaint-Bridging-Header.h"; path = "ConnectMe/Aquaint-Bridging-Header.h"; sourceTree = "<group>"; };
		FFF335851E899EEC00E8B70F /* GAI.h */ = {isa = PBXFileReference; fileEncoding = 4; lastKnownFileType = sourcecode.c.h; path = GAI.h; sourceTree = "<group>"; };
		FFF335861E899EEC00E8B70F /* GAIDictionaryBuilder.h */ = {isa = PBXFileReference; fileEncoding = 4; lastKnownFileType = sourcecode.c.h; path = GAIDictionaryBuilder.h; sourceTree = "<group>"; };
		FFF335871E899EEC00E8B70F /* GAIEcommerceFields.h */ = {isa = PBXFileReference; fileEncoding = 4; lastKnownFileType = sourcecode.c.h; path = GAIEcommerceFields.h; sourceTree = "<group>"; };
		FFF335881E899EEC00E8B70F /* GAIEcommerceProduct.h */ = {isa = PBXFileReference; fileEncoding = 4; lastKnownFileType = sourcecode.c.h; path = GAIEcommerceProduct.h; sourceTree = "<group>"; };
		FFF335891E899EEC00E8B70F /* GAIEcommerceProductAction.h */ = {isa = PBXFileReference; fileEncoding = 4; lastKnownFileType = sourcecode.c.h; path = GAIEcommerceProductAction.h; sourceTree = "<group>"; };
		FFF3358A1E899EEC00E8B70F /* GAIEcommercePromotion.h */ = {isa = PBXFileReference; fileEncoding = 4; lastKnownFileType = sourcecode.c.h; path = GAIEcommercePromotion.h; sourceTree = "<group>"; };
		FFF3358B1E899EEC00E8B70F /* GAIFields.h */ = {isa = PBXFileReference; fileEncoding = 4; lastKnownFileType = sourcecode.c.h; path = GAIFields.h; sourceTree = "<group>"; };
		FFF3358C1E899EEC00E8B70F /* GAILogger.h */ = {isa = PBXFileReference; fileEncoding = 4; lastKnownFileType = sourcecode.c.h; path = GAILogger.h; sourceTree = "<group>"; };
		FFF3358D1E899EEC00E8B70F /* GAITrackedViewController.h */ = {isa = PBXFileReference; fileEncoding = 4; lastKnownFileType = sourcecode.c.h; path = GAITrackedViewController.h; sourceTree = "<group>"; };
		FFF3358E1E899EEC00E8B70F /* GAITracker.h */ = {isa = PBXFileReference; fileEncoding = 4; lastKnownFileType = sourcecode.c.h; path = GAITracker.h; sourceTree = "<group>"; };
		FFF3358F1E899EFD00E8B70F /* libGoogleAnalyticsServices.a */ = {isa = PBXFileReference; lastKnownFileType = archive.ar; path = libGoogleAnalyticsServices.a; sourceTree = "<group>"; };
		FFF335911E89A38600E8B70F /* GoogleService-Info.plist */ = {isa = PBXFileReference; fileEncoding = 4; lastKnownFileType = text.plist.xml; path = "GoogleService-Info.plist"; sourceTree = "<group>"; };
		FFF3359C1E89B13F00E8B70F /* CutTransparentHoleInView.swift */ = {isa = PBXFileReference; fileEncoding = 4; lastKnownFileType = sourcecode.swift; path = CutTransparentHoleInView.swift; sourceTree = "<group>"; };
		FFF3359D1E89B13F00E8B70F /* QRScannerController.swift */ = {isa = PBXFileReference; fileEncoding = 4; lastKnownFileType = sourcecode.swift; path = QRScannerController.swift; sourceTree = "<group>"; };
		FFF3359E1E89B13F00E8B70F /* ScanCodeDisplay.storyboard */ = {isa = PBXFileReference; fileEncoding = 4; lastKnownFileType = file.storyboard; path = ScanCodeDisplay.storyboard; sourceTree = "<group>"; };
		FFF3359F1E89B13F00E8B70F /* ScanCodeDisplay.swift */ = {isa = PBXFileReference; fileEncoding = 4; lastKnownFileType = sourcecode.swift; path = ScanCodeDisplay.swift; sourceTree = "<group>"; };
		FFF335A01E89B13F00E8B70F /* ScanCodeDisplayStoryboardViewController.swift */ = {isa = PBXFileReference; fileEncoding = 4; lastKnownFileType = sourcecode.swift; path = ScanCodeDisplayStoryboardViewController.swift; sourceTree = "<group>"; };
		FFF335A71E89B1A200E8B70F /* HelpPopupView.swift */ = {isa = PBXFileReference; fileEncoding = 4; lastKnownFileType = sourcecode.swift; path = HelpPopupView.swift; sourceTree = "<group>"; };
		FFF335A81E89B1A200E8B70F /* PopUpHelpAlert.storyboard */ = {isa = PBXFileReference; fileEncoding = 4; lastKnownFileType = file.storyboard; path = PopUpHelpAlert.storyboard; sourceTree = "<group>"; };
		FFF3A2A61D488F12009EF4F2 /* MenuProfilesCell.swift */ = {isa = PBXFileReference; fileEncoding = 4; lastKnownFileType = sourcecode.swift; path = MenuProfilesCell.swift; sourceTree = "<group>"; };
		FFF3A2A81D49BF18009EF4F2 /* MenuButtonTableViewCell.swift */ = {isa = PBXFileReference; fileEncoding = 4; lastKnownFileType = sourcecode.swift; path = MenuButtonTableViewCell.swift; sourceTree = "<group>"; };
		FFF3A2AA1D4EBC08009EF4F2 /* ContactsTableViewCell.swift */ = {isa = PBXFileReference; fileEncoding = 4; lastKnownFileType = sourcecode.swift; path = ContactsTableViewCell.swift; sourceTree = "<group>"; };
		FFF442351C4B2244007651DE /* Functions.swift */ = {isa = PBXFileReference; fileEncoding = 4; lastKnownFileType = sourcecode.swift; path = Functions.swift; sourceTree = "<group>"; };
		FFF442391C4C2B21007651DE /* Launch Screen.storyboard */ = {isa = PBXFileReference; fileEncoding = 4; lastKnownFileType = file.storyboard; path = "Launch Screen.storyboard"; sourceTree = "<group>"; };
/* End PBXFileReference section */

/* Begin PBXFrameworksBuildPhase section */
		FF897C2E1C01AC63001B2634 /* Frameworks */ = {
			isa = PBXFrameworksBuildPhase;
			buildActionMask = 2147483647;
			files = (
				FF4D07B11E9D9FF6004919D3 /* LocalAuthentication.framework in Frameworks */,
				FF63316E1D286D4300967266 /* AWSMobileHubHelper.framework in Frameworks */,
				FF7878711C30268C00354936 /* SystemConfiguration.framework in Frameworks */,
				FF78786F1C30268500354936 /* StoreKit.framework in Frameworks */,
				FFF335901E899EFD00E8B70F /* libGoogleAnalyticsServices.a in Frameworks */,
				FF63316A1D286BB200967266 /* SafariServices.framework in Frameworks */,
				FF6331681D286BAB00967266 /* AddressBook.framework in Frameworks */,
				FFBB872E1C5307F500500FAD /* FBSDKShareKit.framework in Frameworks */,
				FF78786D1C30267C00354936 /* Security.framework in Frameworks */,
				FF78786B1C30267500354936 /* QuartzCore.framework in Frameworks */,
				FFBB872D1C5307F500500FAD /* FBSDKLoginKit.framework in Frameworks */,
				FF7878691C30266C00354936 /* CoreLocation.framework in Frameworks */,
				FF7878671C30266600354936 /* CoreGraphics.framework in Frameworks */,
				FF7878651C30266000354936 /* CFNetwork.framework in Frameworks */,
				FF7878631C30265800354936 /* AudioToolbox.framework in Frameworks */,
				FFBB872C1C5307F500500FAD /* FBSDKCoreKit.framework in Frameworks */,
				FF7878731C3026BB00354936 /* Bolts.framework in Frameworks */,
				FF78785E1C30009900354936 /* libsqlite3.tbd in Frameworks */,
				FF7878751C3026C200354936 /* Parse.framework in Frameworks */,
				FF78785C1C30008C00354936 /* libz.tbd in Frameworks */,
				1E03A7848D4BE5F856CE241B /* Pods_Aquaint.framework in Frameworks */,
			);
			runOnlyForDeploymentPostprocessing = 0;
		};
		FF897C421C01AC63001B2634 /* Frameworks */ = {
			isa = PBXFrameworksBuildPhase;
			buildActionMask = 2147483647;
			files = (
				76209F1DB6FBD0F8C19CC5AC /* Pods_AquaintTests.framework in Frameworks */,
			);
			runOnlyForDeploymentPostprocessing = 0;
		};
		FF897C4D1C01AC63001B2634 /* Frameworks */ = {
			isa = PBXFrameworksBuildPhase;
			buildActionMask = 2147483647;
			files = (
				4D2DB745884A414A67AEC73E /* Pods_AquaintUITests.framework in Frameworks */,
			);
			runOnlyForDeploymentPostprocessing = 0;
		};
/* End PBXFrameworksBuildPhase section */

/* Begin PBXGroup section */
		C04EAA157CD0B5492AF59183 /* Pods */ = {
			isa = PBXGroup;
			children = (
				671137205723932265B11D03 /* Pods-Aquaint.debug.xcconfig */,
				820A230C1F41AD15AF685EEB /* Pods-Aquaint.release.xcconfig */,
				80DE6A0B04CCD15219F58E87 /* Pods-AquaintTests.debug.xcconfig */,
				9A64274B07B3280E1F621ACD /* Pods-AquaintTests.release.xcconfig */,
				C45821F799B96B5198E5BE7B /* Pods-AquaintUITests.debug.xcconfig */,
				2E8833267EF2168C25287F83 /* Pods-AquaintUITests.release.xcconfig */,
			);
			name = Pods;
			sourceTree = "<group>";
		};
		FF23A1391D93273C0062E9A0 /* Aquaints-Followers/Following */ = {
			isa = PBXGroup;
			children = (
				FF8972971E198FF000A4D9C4 /* FollowerListView.storyboard */,
				FF8972991E1991D500A4D9C4 /* FollowerListViewController.swift */,
			);
			name = "Aquaints-Followers/Following";
			sourceTree = "<group>";
		};
		FF4D07B21E9DA6AF004919D3 /* Reusable Web View */ = {
			isa = PBXGroup;
			children = (
				FF4D07B31E9DA6D7004919D3 /* ReusableWebView.storyboard */,
				FF4D07B51E9DA706004919D3 /* ReusableWebViewController.swift */,
			);
			name = "Reusable Web View";
			sourceTree = "<group>";
		};
		FF6197991E59979B00B94618 /* ScanCode */ = {
			isa = PBXGroup;
			children = (
				FFF3359E1E89B13F00E8B70F /* ScanCodeDisplay.storyboard */,
				FFF3359C1E89B13F00E8B70F /* CutTransparentHoleInView.swift */,
				FFF3359D1E89B13F00E8B70F /* QRScannerController.swift */,
				FFF3359F1E89B13F00E8B70F /* ScanCodeDisplay.swift */,
				FFF335A01E89B13F00E8B70F /* ScanCodeDisplayStoryboardViewController.swift */,
			);
			name = ScanCode;
			sourceTree = "<group>";
		};
		FF63316F1D286D5100967266 /* AmazonAWS */ = {
			isa = PBXGroup;
			children = (
				FF63316B1D286D4300967266 /* AWSMobileClient.swift */,
				FF63316C1D286D4300967266 /* AWSMobileHubHelper.framework */,
			);
			name = AmazonAWS;
			sourceTree = "<group>";
		};
		FF690F671E8B40A5003FA5B4 /* Analytics */ = {
			isa = PBXGroup;
			children = (
				FF690F651E8B409E003FA5B4 /* AnalyticsDisplay.storyboard */,
				FF690F611E8B403F003FA5B4 /* AnalyticsDisplayViewController.swift */,
				FF690F631E8B407A003FA5B4 /* AnalyticsDisplay.swift */,
			);
			name = Analytics;
			sourceTree = "<group>";
		};
		FF690F681E8B40E3003FA5B4 /* Payments */ = {
			isa = PBXGroup;
			children = (
				FF690F691E8B40FD003FA5B4 /* PaymentsDisplay.storyboard */,
				FF690F6B1E8B410B003FA5B4 /* PaymentsDisplay.swift */,
				50F99A2D1EB9B6B100411C53 /* NoticeOfSubscriptionViewController.swift */,
			);
			name = Payments;
			sourceTree = "<group>";
		};
		FF7C0A471D13A20700C1502D /* TableViewCells */ = {
			isa = PBXGroup;
			children = (
				FFF3A2A81D49BF18009EF4F2 /* MenuButtonTableViewCell.swift */,
				FFF3A2A61D488F12009EF4F2 /* MenuProfilesCell.swift */,
				FF47274C1D48750F0065F418 /* SectionHeaderCell.swift */,
				FFB78B841CA5BAA8005A21CC /* SearchTableViewCell.swift */,
				FF7323EF1C6EB5DD00A95A98 /* SocialMediaCollectionViewCell.swift */,
				FFBDD75E1CD5B5FA0007A188 /* WorldNotificationsTableViewCell.swift */,
				FFBDD7601CD5B6190007A188 /* NewsfeedTableViewCell.swift */,
				FF7878781C352D0400354936 /* TableViewCell.swift */,
				FF5D303D1CBA238600BD417B /* MenuTableViewCell.swift */,
				FF5D303F1CBA55DE00BD417B /* RequestsTableViewCell.swift */,
				FFF3A2AA1D4EBC08009EF4F2 /* ContactsTableViewCell.swift */,
				FF6813F51E0DF60D007930BA /* FollowRequestsTableViewCell.swift */,
				FF690F6F1E8B7559003FA5B4 /* AnalyticsHeaderTableViewCell.swift */,
				FF3C9CA11E8CD00700C32C34 /* AnalyticsFreeViewTableViewCell.swift */,
				FF690F711E8B758A003FA5B4 /* AnalyticsContentTableViewCell.swift */,
			);
			name = TableViewCells;
			sourceTree = "<group>";
		};
		FF7C0A481D13A24200C1502D /* Login/Signup */ = {
			isa = PBXGroup;
			children = (
				FF65D3211C1EA3D60015C99F /* SignUpController.swift */,
				FF84201F1D299A9C002D2927 /* SignUpFetchMoreDataController.swift */,
				FF84201D1D299A5E002D2927 /* SignUpVerificationController.swift */,
				FF7878601C3010E600354936 /* LogInController.swift */,
				FF23A12E1D9056AF0062E9A0 /* AddSocialMediaPageTableViewCell.swift */,
				FF89728D1E10A44800A4D9C4 /* ForgotPasswordViewController.swift */,
			);
			name = Login/Signup;
			sourceTree = "<group>";
		};
		FF7C0A491D13A29200C1502D /* Archived/Unused */ = {
			isa = PBXGroup;
			children = (
				FF7878451C281A2500354936 /* FriendRequestsController.swift */,
				FF0BF0221CB6DC78005188DA /* ProfileViewController.swift */,
				FF7878411C26A0CC00354936 /* CameraController.swift */,
			);
			name = Archived/Unused;
			sourceTree = "<group>";
		};
		FF7C0A4A1D13A2A800C1502D /* HelperFunctions */ = {
			isa = PBXGroup;
			children = (
				FFEBD2031CA48D2800736B69 /* ConnectionClass.swift */,
				FF0E82D51D95FB28003E87A1 /* NewsfeedEntryClass.swift */,
				FF83A4DE1CC59A3800AFB26B /* RBResizer.swift */,
				FFF442351C4B2244007651DE /* Functions.swift */,
				FF8420211D29B59F002D2927 /* BackendAPI.swift */,
				FF1660061D4323F400900686 /* DropDownTableViewFunctions.swift */,
				FF8420231D2B42A0002D2927 /* DynamoDBClasses.swift */,
				FF6197A21E59B4D900B94618 /* Animations.swift */,
			);
			name = HelperFunctions;
			sourceTree = "<group>";
		};
		FF8972951E14B27300A4D9C4 /* Custom Refresh Control */ = {
			isa = PBXGroup;
			children = (
				FF8972911E14ACB400A4D9C4 /* RefreshContents.xib */,
				FF8972931E14B10C00A4D9C4 /* CustomRefreshControl.swift */,
			);
			name = "Custom Refresh Control";
			sourceTree = "<group>";
		};
		FF8972961E14B2A900A4D9C4 /* Popup Profiles */ = {
			isa = PBXGroup;
			children = (
				FF3834D21D6D483E00FC9F2A /* PopUpAlert.storyboard */,
				FF3834D41D6D529500FC9F2A /* ProfilePopupView.swift */,
				FF89729B1E19B34B00A4D9C4 /* AquaintsSingleFollowerListViewController.swift */,
			);
			name = "Popup Profiles";
			sourceTree = "<group>";
		};
		FF8972A31E1B22FA00A4D9C4 /* Walkthrough */ = {
			isa = PBXGroup;
			children = (
				FF89729F1E1B22E000A4D9C4 /* WalkthroughContainerViewController.swift */,
				FF8972A11E1B22F400A4D9C4 /* WalkthroughPageViewController.swift */,
			);
			name = Walkthrough;
			sourceTree = "<group>";
		};
		FF897C281C01AC63001B2634 = {
			isa = PBXGroup;
			children = (
				FFF335911E89A38600E8B70F /* GoogleService-Info.plist */,
				FFBDD7551CD599690007A188 /* HomePageViewController.swift */,
				FFEC2F001CBF448E0044BEC9 /* Aquaint-Bridging-Header.h */,
				FFF335931E89AB2900E8B70F /* Google Analytics */,
				FFB8602D1C4C390400CFB621 /* AquaintTestCases */,
				FFB8602C1C4C38F800CFB621 /* AquaintUITestCases */,
				FFBB87251C5307B700500FAD /* Frameworks */,
				FF78785D1C30009900354936 /* libsqlite3.tbd */,
				FF78785B1C30008C00354936 /* libz.tbd */,
				FF897C331C01AC63001B2634 /* Aquaint */,
				FF897C321C01AC63001B2634 /* Products */,
				C04EAA157CD0B5492AF59183 /* Pods */,
			);
			sourceTree = "<group>";
		};
		FF897C321C01AC63001B2634 /* Products */ = {
			isa = PBXGroup;
			children = (
				FF897C311C01AC63001B2634 /* Aquaint.app */,
				FF897C451C01AC63001B2634 /* Aquaint.xctest */,
				FF897C501C01AC63001B2634 /* Aquaint.xctest */,
			);
			name = Products;
			sourceTree = "<group>";
		};
		FF897C331C01AC63001B2634 /* Aquaint */ = {
			isa = PBXGroup;
			children = (
				FF63316F1D286D5100967266 /* AmazonAWS */,
				FF7C0A491D13A29200C1502D /* Archived/Unused */,
				FF897C3B1C01AC63001B2634 /* Assets.xcassets */,
				FF65D31C1C1E0BFC0015C99F /* Main.storyboard */,
				FFF442391C4C2B21007651DE /* Launch Screen.storyboard */,
				FF897C341C01AC63001B2634 /* AppDelegate.swift */,
				FF1001EC1C80374A00B53F8B /* MainPageViewController.swift */,
				FF0BF0201CB6D808005188DA /* MainContainerViewController.swift */,
				FF6197991E59979B00B94618 /* ScanCode */,
				FF690F681E8B40E3003FA5B4 /* Payments */,
				FF4D07B21E9DA6AF004919D3 /* Reusable Web View */,
				FF690F671E8B40A5003FA5B4 /* Analytics */,
				FF8972A31E1B22FA00A4D9C4 /* Walkthrough */,
				FF23A1391D93273C0062E9A0 /* Aquaints-Followers/Following */,
				FFF335A61E89B18600E8B70F /* Popup Help */,
				FF8972961E14B2A900A4D9C4 /* Popup Profiles */,
				FF7C0A4A1D13A2A800C1502D /* HelperFunctions */,
				FFBDD75B1CD59A390007A188 /* Newsfeed */,
				FF7C0A481D13A24200C1502D /* Login/Signup */,
				FF8972951E14B27300A4D9C4 /* Custom Refresh Control */,
				FF9BFCD61D3F3C3000987D78 /* Custom Search Bars */,
				FF7C0A471D13A20700C1502D /* TableViewCells */,
				FF897C361C01AC63001B2634 /* ViewController.swift */,
				FF90CFF51CD08DE8003DEA18 /* HomeViewController.swift */,
				FF0BF0241CB6DCB3005188DA /* SearchViewController.swift */,
				FFDA62DB1ED131220095AA6E /* ViewControllerPannable.swift */,
				FF7878761C34EC4A00354936 /* RecentConnections.swift */,
				FF78783F1C26A0A900354936 /* MenuController.swift */,
				FF6813F11E0B7D1D007930BA /* AddSocialContactsViewController.swift */,
				FF1D95E81D89EA960012066C /* PasswordResetViewController.swift */,
				FF8420251D30A138002D2927 /* AddSocialMediaProfilesController.swift */,
				FF6813F31E0DF1F0007930BA /* FollowRequestsViewController.swift */,
				FF897C401C01AC63001B2634 /* Info.plist */,
			);
			name = Aquaint;
			path = ConnectMe;
			sourceTree = "<group>";
		};
		FF9BFCD61D3F3C3000987D78 /* Custom Search Bars */ = {
			isa = PBXGroup;
			children = (
				FF9BFCD21D3F308A00987D78 /* CustomSearchBar.swift */,
				FF9BFCD41D3F389500987D78 /* CustomSearchController.swift */,
			);
			name = "Custom Search Bars";
			sourceTree = "<group>";
		};
		FFB8602C1C4C38F800CFB621 /* AquaintUITestCases */ = {
			isa = PBXGroup;
			children = (
				FFB860291C4C38D300CFB621 /* AquaintUITestCase.swift */,
			);
			name = AquaintUITestCases;
			sourceTree = "<group>";
		};
		FFB8602D1C4C390400CFB621 /* AquaintTestCases */ = {
			isa = PBXGroup;
			children = (
				FFB860271C4C38A800CFB621 /* AquaintTestCase.swift */,
			);
			name = AquaintTestCases;
			sourceTree = "<group>";
		};
		FFBB87241C5307AC00500FAD /* Parse Frameworks */ = {
			isa = PBXGroup;
			children = (
				FF7878741C3026C200354936 /* Parse.framework */,
				FF7878721C3026BB00354936 /* Bolts.framework */,
			);
			name = "Parse Frameworks";
			sourceTree = "<group>";
		};
		FFBB87251C5307B700500FAD /* Frameworks */ = {
			isa = PBXGroup;
			children = (
				FF4D07B01E9D9FF6004919D3 /* LocalAuthentication.framework */,
				FF6331691D286BB200967266 /* SafariServices.framework */,
				FF6331671D286BAB00967266 /* AddressBook.framework */,
				FFBB87281C5307DA00500FAD /* Facebook Frameworks */,
				FFBB87241C5307AC00500FAD /* Parse Frameworks */,
				FFBB87261C5307C800500FAD /* iOS Frameworks */,
				34EEF12311B0D735B7FE379F /* Pods_Aquaint.framework */,
				A510A69C38AC090A6E7B973F /* Pods_AquaintTests.framework */,
				01D42B7474E582FDC3F9AFB8 /* Pods_AquaintUITests.framework */,
			);
			name = Frameworks;
			sourceTree = "<group>";
		};
		FFBB87261C5307C800500FAD /* iOS Frameworks */ = {
			isa = PBXGroup;
			children = (
				FF7878701C30268C00354936 /* SystemConfiguration.framework */,
				FF78786E1C30268500354936 /* StoreKit.framework */,
				FF78786C1C30267C00354936 /* Security.framework */,
				FF78786A1C30267500354936 /* QuartzCore.framework */,
				FF7878681C30266C00354936 /* CoreLocation.framework */,
				FF7878661C30266600354936 /* CoreGraphics.framework */,
				FF7878641C30266000354936 /* CFNetwork.framework */,
				FF7878621C30265800354936 /* AudioToolbox.framework */,
			);
			name = "iOS Frameworks";
			sourceTree = "<group>";
		};
		FFBB87281C5307DA00500FAD /* Facebook Frameworks */ = {
			isa = PBXGroup;
			children = (
				FFBB87291C5307F500500FAD /* FBSDKCoreKit.framework */,
				FFBB872A1C5307F500500FAD /* FBSDKLoginKit.framework */,
				FFBB872B1C5307F500500FAD /* FBSDKShareKit.framework */,
			);
			name = "Facebook Frameworks";
			sourceTree = "<group>";
		};
		FFBDD75B1CD59A390007A188 /* Newsfeed */ = {
			isa = PBXGroup;
			children = (
				FFBDD7591CD59A2D0007A188 /* WorldNotificationsViewController.swift */,
				FFBDD7571CD59A0B0007A188 /* NewsfeedViewController.swift */,
				FFBDD7531CD58F910007A188 /* HomeContainerViewController.swift */,
			);
			name = Newsfeed;
			sourceTree = "<group>";
		};
		FFF335931E89AB2900E8B70F /* Google Analytics */ = {
			isa = PBXGroup;
			children = (
				FFF335851E899EEC00E8B70F /* GAI.h */,
				FFF335861E899EEC00E8B70F /* GAIDictionaryBuilder.h */,
				FFF335871E899EEC00E8B70F /* GAIEcommerceFields.h */,
				FFF335881E899EEC00E8B70F /* GAIEcommerceProduct.h */,
				FFF335891E899EEC00E8B70F /* GAIEcommerceProductAction.h */,
				FFF3358A1E899EEC00E8B70F /* GAIEcommercePromotion.h */,
				FFF3358B1E899EEC00E8B70F /* GAIFields.h */,
				FFF3358C1E899EEC00E8B70F /* GAILogger.h */,
				FFF3358D1E899EEC00E8B70F /* GAITrackedViewController.h */,
				FFF3358E1E899EEC00E8B70F /* GAITracker.h */,
				FFF3358F1E899EFD00E8B70F /* libGoogleAnalyticsServices.a */,
			);
			name = "Google Analytics";
			sourceTree = "<group>";
		};
		FFF335A61E89B18600E8B70F /* Popup Help */ = {
			isa = PBXGroup;
			children = (
				FFF335A71E89B1A200E8B70F /* HelpPopupView.swift */,
				FFF335A81E89B1A200E8B70F /* PopUpHelpAlert.storyboard */,
			);
			name = "Popup Help";
			sourceTree = "<group>";
		};
/* End PBXGroup section */

/* Begin PBXNativeTarget section */
		FF897C301C01AC63001B2634 /* Aquaint */ = {
			isa = PBXNativeTarget;
			buildConfigurationList = FF897C591C01AC63001B2634 /* Build configuration list for PBXNativeTarget "Aquaint" */;
			buildPhases = (
				5EBB043354B365769A84F6F7 /* [CP] Check Pods Manifest.lock */,
				FF897C2D1C01AC63001B2634 /* Sources */,
				FF897C2E1C01AC63001B2634 /* Frameworks */,
				FF897C2F1C01AC63001B2634 /* Resources */,
				A744F868839EBF07C5F92351 /* [CP] Embed Pods Frameworks */,
				D301069A999CC639AA2DB1FB /* [CP] Copy Pods Resources */,
			);
			buildRules = (
			);
			dependencies = (
			);
			name = Aquaint;
			productName = ConnectMe;
			productReference = FF897C311C01AC63001B2634 /* Aquaint.app */;
			productType = "com.apple.product-type.application";
		};
		FF897C441C01AC63001B2634 /* AquaintTests */ = {
			isa = PBXNativeTarget;
			buildConfigurationList = FF897C5C1C01AC63001B2634 /* Build configuration list for PBXNativeTarget "AquaintTests" */;
			buildPhases = (
				6F3190D79D6382F1EDDAC476 /* [CP] Check Pods Manifest.lock */,
				FF897C411C01AC63001B2634 /* Sources */,
				FF897C421C01AC63001B2634 /* Frameworks */,
				FF897C431C01AC63001B2634 /* Resources */,
				BD52CE23F140B3363214D083 /* [CP] Embed Pods Frameworks */,
				CFEC363288B472EACFD3D01B /* [CP] Copy Pods Resources */,
			);
			buildRules = (
			);
			dependencies = (
				FF897C471C01AC63001B2634 /* PBXTargetDependency */,
			);
			name = AquaintTests;
			productName = ConnectMeTests;
			productReference = FF897C451C01AC63001B2634 /* Aquaint.xctest */;
			productType = "com.apple.product-type.bundle.unit-test";
		};
		FF897C4F1C01AC63001B2634 /* AquaintUITests */ = {
			isa = PBXNativeTarget;
			buildConfigurationList = FF897C5F1C01AC63001B2634 /* Build configuration list for PBXNativeTarget "AquaintUITests" */;
			buildPhases = (
				E2EF68FFE3B5BFA4C628122F /* [CP] Check Pods Manifest.lock */,
				FF897C4C1C01AC63001B2634 /* Sources */,
				FF897C4D1C01AC63001B2634 /* Frameworks */,
				FF897C4E1C01AC63001B2634 /* Resources */,
				921A36099BEF0014DAEC4E65 /* [CP] Embed Pods Frameworks */,
				229D3AC8B094A6580A37D3B7 /* [CP] Copy Pods Resources */,
			);
			buildRules = (
			);
			dependencies = (
				FF897C521C01AC63001B2634 /* PBXTargetDependency */,
			);
			name = AquaintUITests;
			productName = ConnectMeUITests;
			productReference = FF897C501C01AC63001B2634 /* Aquaint.xctest */;
			productType = "com.apple.product-type.bundle.ui-testing";
		};
/* End PBXNativeTarget section */

/* Begin PBXProject section */
		FF897C291C01AC63001B2634 /* Project object */ = {
			isa = PBXProject;
			attributes = {
				LastSwiftUpdateCheck = 0720;
				LastUpgradeCheck = 0710;
				ORGANIZATIONNAME = ConnectMe;
				TargetAttributes = {
					FF897C301C01AC63001B2634 = {
						CreatedOnToolsVersion = 7.1.1;
						SystemCapabilities = {
							com.apple.Push = {
								enabled = 1;
							};
						};
					};
					FF897C441C01AC63001B2634 = {
						CreatedOnToolsVersion = 7.1.1;
						TestTargetID = FF897C301C01AC63001B2634;
					};
					FF897C4F1C01AC63001B2634 = {
						CreatedOnToolsVersion = 7.1.1;
						TestTargetID = FF897C301C01AC63001B2634;
					};
				};
			};
			buildConfigurationList = FF897C2C1C01AC63001B2634 /* Build configuration list for PBXProject "Aquaint" */;
			compatibilityVersion = "Xcode 3.2";
			developmentRegion = English;
			hasScannedForEncodings = 0;
			knownRegions = (
				en,
				Base,
			);
			mainGroup = FF897C281C01AC63001B2634;
			productRefGroup = FF897C321C01AC63001B2634 /* Products */;
			projectDirPath = "";
			projectRoot = "";
			targets = (
				FF897C301C01AC63001B2634 /* Aquaint */,
				FF897C441C01AC63001B2634 /* AquaintTests */,
				FF897C4F1C01AC63001B2634 /* AquaintUITests */,
			);
		};
/* End PBXProject section */

/* Begin PBXResourcesBuildPhase section */
		FF897C2F1C01AC63001B2634 /* Resources */ = {
			isa = PBXResourcesBuildPhase;
			buildActionMask = 2147483647;
			files = (
				FF690F6A1E8B40FD003FA5B4 /* PaymentsDisplay.storyboard in Resources */,
				FF8972981E198FF000A4D9C4 /* FollowerListView.storyboard in Resources */,
				FFF335AA1E89B1A200E8B70F /* PopUpHelpAlert.storyboard in Resources */,
				FFF335921E89A38600E8B70F /* GoogleService-Info.plist in Resources */,
				FFF4423A1C4C2B21007651DE /* Launch Screen.storyboard in Resources */,
				FF690F661E8B409E003FA5B4 /* AnalyticsDisplay.storyboard in Resources */,
				FF65D31E1C1E0BFC0015C99F /* Main.storyboard in Resources */,
				FF897C3C1C01AC63001B2634 /* Assets.xcassets in Resources */,
				FF8972921E14ACB400A4D9C4 /* RefreshContents.xib in Resources */,
				FF4D07B41E9DA6D7004919D3 /* ReusableWebView.storyboard in Resources */,
				FFF335A31E89B13F00E8B70F /* ScanCodeDisplay.storyboard in Resources */,
				FF3834D31D6D483E00FC9F2A /* PopUpAlert.storyboard in Resources */,
			);
			runOnlyForDeploymentPostprocessing = 0;
		};
		FF897C431C01AC63001B2634 /* Resources */ = {
			isa = PBXResourcesBuildPhase;
			buildActionMask = 2147483647;
			files = (
			);
			runOnlyForDeploymentPostprocessing = 0;
		};
		FF897C4E1C01AC63001B2634 /* Resources */ = {
			isa = PBXResourcesBuildPhase;
			buildActionMask = 2147483647;
			files = (
			);
			runOnlyForDeploymentPostprocessing = 0;
		};
/* End PBXResourcesBuildPhase section */

/* Begin PBXShellScriptBuildPhase section */
		229D3AC8B094A6580A37D3B7 /* [CP] Copy Pods Resources */ = {
			isa = PBXShellScriptBuildPhase;
			buildActionMask = 2147483647;
			files = (
			);
			inputPaths = (
			);
			name = "[CP] Copy Pods Resources";
			outputPaths = (
			);
			runOnlyForDeploymentPostprocessing = 0;
			shellPath = /bin/sh;
			shellScript = "\"${SRCROOT}/Pods/Target Support Files/Pods-AquaintUITests/Pods-AquaintUITests-resources.sh\"\n";
			showEnvVarsInLog = 0;
		};
		5EBB043354B365769A84F6F7 /* [CP] Check Pods Manifest.lock */ = {
			isa = PBXShellScriptBuildPhase;
			buildActionMask = 2147483647;
			files = (
			);
			inputPaths = (
			);
			name = "[CP] Check Pods Manifest.lock";
			outputPaths = (
			);
			runOnlyForDeploymentPostprocessing = 0;
			shellPath = /bin/sh;
			shellScript = "diff \"${PODS_ROOT}/../Podfile.lock\" \"${PODS_ROOT}/Manifest.lock\" > /dev/null\nif [ $? != 0 ] ; then\n    # print error to STDERR\n    echo \"error: The sandbox is not in sync with the Podfile.lock. Run 'pod install' or update your CocoaPods installation.\" >&2\n    exit 1\nfi\n";
			showEnvVarsInLog = 0;
		};
		6F3190D79D6382F1EDDAC476 /* [CP] Check Pods Manifest.lock */ = {
			isa = PBXShellScriptBuildPhase;
			buildActionMask = 2147483647;
			files = (
			);
			inputPaths = (
			);
			name = "[CP] Check Pods Manifest.lock";
			outputPaths = (
			);
			runOnlyForDeploymentPostprocessing = 0;
			shellPath = /bin/sh;
			shellScript = "diff \"${PODS_ROOT}/../Podfile.lock\" \"${PODS_ROOT}/Manifest.lock\" > /dev/null\nif [ $? != 0 ] ; then\n    # print error to STDERR\n    echo \"error: The sandbox is not in sync with the Podfile.lock. Run 'pod install' or update your CocoaPods installation.\" >&2\n    exit 1\nfi\n";
			showEnvVarsInLog = 0;
		};
		921A36099BEF0014DAEC4E65 /* [CP] Embed Pods Frameworks */ = {
			isa = PBXShellScriptBuildPhase;
			buildActionMask = 2147483647;
			files = (
			);
			inputPaths = (
			);
			name = "[CP] Embed Pods Frameworks";
			outputPaths = (
			);
			runOnlyForDeploymentPostprocessing = 0;
			shellPath = /bin/sh;
			shellScript = "\"${SRCROOT}/Pods/Target Support Files/Pods-AquaintUITests/Pods-AquaintUITests-frameworks.sh\"\n";
			showEnvVarsInLog = 0;
		};
		A744F868839EBF07C5F92351 /* [CP] Embed Pods Frameworks */ = {
			isa = PBXShellScriptBuildPhase;
			buildActionMask = 2147483647;
			files = (
			);
			inputPaths = (
			);
			name = "[CP] Embed Pods Frameworks";
			outputPaths = (
			);
			runOnlyForDeploymentPostprocessing = 0;
			shellPath = /bin/sh;
			shellScript = "\"${SRCROOT}/Pods/Target Support Files/Pods-Aquaint/Pods-Aquaint-frameworks.sh\"\n";
			showEnvVarsInLog = 0;
		};
		BD52CE23F140B3363214D083 /* [CP] Embed Pods Frameworks */ = {
			isa = PBXShellScriptBuildPhase;
			buildActionMask = 2147483647;
			files = (
			);
			inputPaths = (
			);
			name = "[CP] Embed Pods Frameworks";
			outputPaths = (
			);
			runOnlyForDeploymentPostprocessing = 0;
			shellPath = /bin/sh;
			shellScript = "\"${SRCROOT}/Pods/Target Support Files/Pods-AquaintTests/Pods-AquaintTests-frameworks.sh\"\n";
			showEnvVarsInLog = 0;
		};
		CFEC363288B472EACFD3D01B /* [CP] Copy Pods Resources */ = {
			isa = PBXShellScriptBuildPhase;
			buildActionMask = 2147483647;
			files = (
			);
			inputPaths = (
			);
			name = "[CP] Copy Pods Resources";
			outputPaths = (
			);
			runOnlyForDeploymentPostprocessing = 0;
			shellPath = /bin/sh;
			shellScript = "\"${SRCROOT}/Pods/Target Support Files/Pods-AquaintTests/Pods-AquaintTests-resources.sh\"\n";
			showEnvVarsInLog = 0;
		};
		D301069A999CC639AA2DB1FB /* [CP] Copy Pods Resources */ = {
			isa = PBXShellScriptBuildPhase;
			buildActionMask = 2147483647;
			files = (
			);
			inputPaths = (
			);
			name = "[CP] Copy Pods Resources";
			outputPaths = (
			);
			runOnlyForDeploymentPostprocessing = 0;
			shellPath = /bin/sh;
			shellScript = "\"${SRCROOT}/Pods/Target Support Files/Pods-Aquaint/Pods-Aquaint-resources.sh\"\n";
			showEnvVarsInLog = 0;
		};
		E2EF68FFE3B5BFA4C628122F /* [CP] Check Pods Manifest.lock */ = {
			isa = PBXShellScriptBuildPhase;
			buildActionMask = 2147483647;
			files = (
			);
			inputPaths = (
			);
			name = "[CP] Check Pods Manifest.lock";
			outputPaths = (
			);
			runOnlyForDeploymentPostprocessing = 0;
			shellPath = /bin/sh;
			shellScript = "diff \"${PODS_ROOT}/../Podfile.lock\" \"${PODS_ROOT}/Manifest.lock\" > /dev/null\nif [ $? != 0 ] ; then\n    # print error to STDERR\n    echo \"error: The sandbox is not in sync with the Podfile.lock. Run 'pod install' or update your CocoaPods installation.\" >&2\n    exit 1\nfi\n";
			showEnvVarsInLog = 0;
		};
/* End PBXShellScriptBuildPhase section */

/* Begin PBXSourcesBuildPhase section */
		FF897C2D1C01AC63001B2634 /* Sources */ = {
			isa = PBXSourcesBuildPhase;
			buildActionMask = 2147483647;
			files = (
				FFF335A41E89B13F00E8B70F /* ScanCodeDisplay.swift in Sources */,
				FF47274D1D48750F0065F418 /* SectionHeaderCell.swift in Sources */,
				FF3C9CA21E8CD00700C32C34 /* AnalyticsFreeViewTableViewCell.swift in Sources */,
				FF6197A31E59B4DA00B94618 /* Animations.swift in Sources */,
				FFBDD7581CD59A0B0007A188 /* NewsfeedViewController.swift in Sources */,
				FF6813F61E0DF60D007930BA /* FollowRequestsTableViewCell.swift in Sources */,
				FFBDD7541CD58F910007A188 /* HomeContainerViewController.swift in Sources */,
				FF1660071D4323F400900686 /* DropDownTableViewFunctions.swift in Sources */,
				FF8972A01E1B22E000A4D9C4 /* WalkthroughContainerViewController.swift in Sources */,
				FF7878421C26A0CC00354936 /* CameraController.swift in Sources */,
				FF89729C1E19B34B00A4D9C4 /* AquaintsSingleFollowerListViewController.swift in Sources */,
				FF7878401C26A0A900354936 /* MenuController.swift in Sources */,
				FF0BF0251CB6DCB3005188DA /* SearchViewController.swift in Sources */,
				FF0E82D61D95FB29003E87A1 /* NewsfeedEntryClass.swift in Sources */,
				FF84201E1D299A5E002D2927 /* SignUpVerificationController.swift in Sources */,
				FF8972941E14B10C00A4D9C4 /* CustomRefreshControl.swift in Sources */,
				FF9BFCD31D3F308A00987D78 /* CustomSearchBar.swift in Sources */,
				FF4D07B61E9DA706004919D3 /* ReusableWebViewController.swift in Sources */,
				FF1D95E91D89EA960012066C /* PasswordResetViewController.swift in Sources */,
				FF7878461C281A2500354936 /* FriendRequestsController.swift in Sources */,
				FFF335A21E89B13F00E8B70F /* QRScannerController.swift in Sources */,
				FF89729A1E1991D500A4D9C4 /* FollowerListViewController.swift in Sources */,
				FF7878771C34EC4A00354936 /* RecentConnections.swift in Sources */,
				50F99A2E1EB9B6B100411C53 /* NoticeOfSubscriptionViewController.swift in Sources */,
				FF0BF0231CB6DC78005188DA /* ProfileViewController.swift in Sources */,
				FF90CFF61CD08DE8003DEA18 /* HomeViewController.swift in Sources */,
				FFF335A11E89B13F00E8B70F /* CutTransparentHoleInView.swift in Sources */,
				FF690F721E8B758A003FA5B4 /* AnalyticsContentTableViewCell.swift in Sources */,
				FFF442361C4B2244007651DE /* Functions.swift in Sources */,
				FF897C371C01AC63001B2634 /* ViewController.swift in Sources */,
				FF8420221D29B59F002D2927 /* BackendAPI.swift in Sources */,
				FFF335A51E89B13F00E8B70F /* ScanCodeDisplayStoryboardViewController.swift in Sources */,
				FF7878791C352D0400354936 /* TableViewCell.swift in Sources */,
				FF1001ED1C80374A00B53F8B /* MainPageViewController.swift in Sources */,
				FF23A12F1D9056AF0062E9A0 /* AddSocialMediaPageTableViewCell.swift in Sources */,
				FFBDD75F1CD5B5FA0007A188 /* WorldNotificationsTableViewCell.swift in Sources */,
				FFEBD2041CA48D2800736B69 /* ConnectionClass.swift in Sources */,
				FF6813F21E0B7D1D007930BA /* AddSocialContactsViewController.swift in Sources */,
				FF5D30401CBA55DE00BD417B /* RequestsTableViewCell.swift in Sources */,
				FFDA62DC1ED131220095AA6E /* ViewControllerPannable.swift in Sources */,
				FF7323F01C6EB5DD00A95A98 /* SocialMediaCollectionViewCell.swift in Sources */,
				FF690F621E8B403F003FA5B4 /* AnalyticsDisplayViewController.swift in Sources */,
				FFF335A91E89B1A200E8B70F /* HelpPopupView.swift in Sources */,
				FFBDD7611CD5B6190007A188 /* NewsfeedTableViewCell.swift in Sources */,
				FF5D303E1CBA238600BD417B /* MenuTableViewCell.swift in Sources */,
				FF690F6C1E8B410B003FA5B4 /* PaymentsDisplay.swift in Sources */,
				FFF3A2AB1D4EBC08009EF4F2 /* ContactsTableViewCell.swift in Sources */,
				FF8420201D299A9C002D2927 /* SignUpFetchMoreDataController.swift in Sources */,
				FF9BFCD51D3F389500987D78 /* CustomSearchController.swift in Sources */,
				FF7878611C3010E700354936 /* LogInController.swift in Sources */,
				FFF3A2A91D49BF18009EF4F2 /* MenuButtonTableViewCell.swift in Sources */,
				FFF3A2A71D488F12009EF4F2 /* MenuProfilesCell.swift in Sources */,
				FF690F641E8B407A003FA5B4 /* AnalyticsDisplay.swift in Sources */,
				FF3834D51D6D529500FC9F2A /* ProfilePopupView.swift in Sources */,
				FF8420241D2B42A0002D2927 /* DynamoDBClasses.swift in Sources */,
				FF63316D1D286D4300967266 /* AWSMobileClient.swift in Sources */,
				FF83A4DF1CC59A3900AFB26B /* RBResizer.swift in Sources */,
				FF690F701E8B7559003FA5B4 /* AnalyticsHeaderTableViewCell.swift in Sources */,
				FF897C351C01AC63001B2634 /* AppDelegate.swift in Sources */,
				FFBDD75A1CD59A2D0007A188 /* WorldNotificationsViewController.swift in Sources */,
				FFBDD7561CD599690007A188 /* HomePageViewController.swift in Sources */,
				FF89728E1E10A44800A4D9C4 /* ForgotPasswordViewController.swift in Sources */,
				FF8972A21E1B22F400A4D9C4 /* WalkthroughPageViewController.swift in Sources */,
				FF0BF0211CB6D808005188DA /* MainContainerViewController.swift in Sources */,
				FF6813F41E0DF1F0007930BA /* FollowRequestsViewController.swift in Sources */,
				FF8420261D30A138002D2927 /* AddSocialMediaProfilesController.swift in Sources */,
				FF65D3221C1EA3D60015C99F /* SignUpController.swift in Sources */,
				FFB78B851CA5BAA8005A21CC /* SearchTableViewCell.swift in Sources */,
			);
			runOnlyForDeploymentPostprocessing = 0;
		};
		FF897C411C01AC63001B2634 /* Sources */ = {
			isa = PBXSourcesBuildPhase;
			buildActionMask = 2147483647;
			files = (
				FFB860281C4C38A800CFB621 /* AquaintTestCase.swift in Sources */,
				FFB8602A1C4C38D300CFB621 /* AquaintUITestCase.swift in Sources */,
			);
			runOnlyForDeploymentPostprocessing = 0;
		};
		FF897C4C1C01AC63001B2634 /* Sources */ = {
			isa = PBXSourcesBuildPhase;
			buildActionMask = 2147483647;
			files = (
			);
			runOnlyForDeploymentPostprocessing = 0;
		};
/* End PBXSourcesBuildPhase section */

/* Begin PBXTargetDependency section */
		FF897C471C01AC63001B2634 /* PBXTargetDependency */ = {
			isa = PBXTargetDependency;
			target = FF897C301C01AC63001B2634 /* Aquaint */;
			targetProxy = FF897C461C01AC63001B2634 /* PBXContainerItemProxy */;
		};
		FF897C521C01AC63001B2634 /* PBXTargetDependency */ = {
			isa = PBXTargetDependency;
			target = FF897C301C01AC63001B2634 /* Aquaint */;
			targetProxy = FF897C511C01AC63001B2634 /* PBXContainerItemProxy */;
		};
/* End PBXTargetDependency section */

/* Begin PBXVariantGroup section */
		FF65D31C1C1E0BFC0015C99F /* Main.storyboard */ = {
			isa = PBXVariantGroup;
			children = (
				FF65D31D1C1E0BFC0015C99F /* Base */,
			);
			name = Main.storyboard;
			sourceTree = "<group>";
		};
/* End PBXVariantGroup section */

/* Begin XCBuildConfiguration section */
		FF897C571C01AC63001B2634 /* Debug */ = {
			isa = XCBuildConfiguration;
			buildSettings = {
				ALWAYS_SEARCH_USER_PATHS = NO;
				CLANG_CXX_LANGUAGE_STANDARD = "gnu++0x";
				CLANG_CXX_LIBRARY = "libc++";
				CLANG_ENABLE_MODULES = YES;
				CLANG_ENABLE_OBJC_ARC = YES;
				CLANG_WARN_BOOL_CONVERSION = YES;
				CLANG_WARN_CONSTANT_CONVERSION = YES;
				CLANG_WARN_DIRECT_OBJC_ISA_USAGE = YES_ERROR;
				CLANG_WARN_EMPTY_BODY = YES;
				CLANG_WARN_ENUM_CONVERSION = YES;
				CLANG_WARN_INT_CONVERSION = YES;
				CLANG_WARN_OBJC_ROOT_CLASS = YES_ERROR;
				CLANG_WARN_UNREACHABLE_CODE = YES;
				CLANG_WARN__DUPLICATE_METHOD_MATCH = YES;
				CODE_SIGN_IDENTITY = "iPhone Developer: Austin Vaday (V2SFRT8H5T)";
				"CODE_SIGN_IDENTITY[sdk=iphoneos*]" = "iPhone Developer: Austin Vaday (V2SFRT8H5T)";
				COPY_PHASE_STRIP = NO;
				DEBUG_INFORMATION_FORMAT = dwarf;
				ENABLE_STRICT_OBJC_MSGSEND = YES;
				ENABLE_TESTABILITY = YES;
				GCC_C_LANGUAGE_STANDARD = gnu99;
				GCC_DYNAMIC_NO_PIC = NO;
				GCC_NO_COMMON_BLOCKS = YES;
				GCC_OPTIMIZATION_LEVEL = 0;
				GCC_PREPROCESSOR_DEFINITIONS = (
					"DEBUG=1",
					"$(inherited)",
				);
				GCC_WARN_64_TO_32_BIT_CONVERSION = YES;
				GCC_WARN_ABOUT_RETURN_TYPE = YES_ERROR;
				GCC_WARN_UNDECLARED_SELECTOR = YES;
				GCC_WARN_UNINITIALIZED_AUTOS = YES_AGGRESSIVE;
				GCC_WARN_UNUSED_FUNCTION = YES;
				GCC_WARN_UNUSED_VARIABLE = YES;
				IPHONEOS_DEPLOYMENT_TARGET = 9.1;
				MTL_ENABLE_DEBUG_INFO = YES;
				ONLY_ACTIVE_ARCH = YES;
				PROVISIONING_PROFILE = "0ff6f82d-512d-48cf-aec1-73aca55f9672";
				SDKROOT = iphoneos;
				SWIFT_OPTIMIZATION_LEVEL = "-Onone";
				TARGETED_DEVICE_FAMILY = "1,2";
			};
			name = Debug;
		};
		FF897C581C01AC63001B2634 /* Release */ = {
			isa = XCBuildConfiguration;
			buildSettings = {
				ALWAYS_SEARCH_USER_PATHS = NO;
				CLANG_CXX_LANGUAGE_STANDARD = "gnu++0x";
				CLANG_CXX_LIBRARY = "libc++";
				CLANG_ENABLE_MODULES = YES;
				CLANG_ENABLE_OBJC_ARC = YES;
				CLANG_WARN_BOOL_CONVERSION = YES;
				CLANG_WARN_CONSTANT_CONVERSION = YES;
				CLANG_WARN_DIRECT_OBJC_ISA_USAGE = YES_ERROR;
				CLANG_WARN_EMPTY_BODY = YES;
				CLANG_WARN_ENUM_CONVERSION = YES;
				CLANG_WARN_INT_CONVERSION = YES;
				CLANG_WARN_OBJC_ROOT_CLASS = YES_ERROR;
				CLANG_WARN_UNREACHABLE_CODE = YES;
				CLANG_WARN__DUPLICATE_METHOD_MATCH = YES;
				"CODE_SIGN_IDENTITY[sdk=iphoneos*]" = "iPhone Developer";
				COPY_PHASE_STRIP = NO;
				DEBUG_INFORMATION_FORMAT = "dwarf-with-dsym";
				ENABLE_NS_ASSERTIONS = NO;
				ENABLE_STRICT_OBJC_MSGSEND = YES;
				GCC_C_LANGUAGE_STANDARD = gnu99;
				GCC_NO_COMMON_BLOCKS = YES;
				GCC_WARN_64_TO_32_BIT_CONVERSION = YES;
				GCC_WARN_ABOUT_RETURN_TYPE = YES_ERROR;
				GCC_WARN_UNDECLARED_SELECTOR = YES;
				GCC_WARN_UNINITIALIZED_AUTOS = YES_AGGRESSIVE;
				GCC_WARN_UNUSED_FUNCTION = YES;
				GCC_WARN_UNUSED_VARIABLE = YES;
				IPHONEOS_DEPLOYMENT_TARGET = 9.1;
				MTL_ENABLE_DEBUG_INFO = NO;
				PROVISIONING_PROFILE = "0ff6f82d-512d-48cf-aec1-73aca55f9672";
				SDKROOT = iphoneos;
				TARGETED_DEVICE_FAMILY = "1,2";
				VALIDATE_PRODUCT = YES;
			};
			name = Release;
		};
		FF897C5A1C01AC63001B2634 /* Debug */ = {
			isa = XCBuildConfiguration;
			baseConfigurationReference = 671137205723932265B11D03 /* Pods-Aquaint.debug.xcconfig */;
			buildSettings = {
				ASSETCATALOG_COMPILER_APPICON_NAME = AppIcon;
				CLANG_ENABLE_MODULES = YES;
				CODE_SIGN_IDENTITY = "iPhone Developer";
				"CODE_SIGN_IDENTITY[sdk=iphoneos*]" = "iPhone Developer";
				FRAMEWORK_SEARCH_PATHS = (
					"$(inherited)",
					"$(PROJECT_DIR)",
					"$(PROJECT_DIR)/ConnectMe",
					"$(PROJECT_DIR)/Sdk/Google",
				);
				INFOPLIST_FILE = ConnectMe/Info.plist;
				LD_RUNPATH_SEARCH_PATHS = "$(inherited) @executable_path/Frameworks";
				LIBRARY_SEARCH_PATHS = (
					"$(inherited)",
					"$(PROJECT_DIR)/Pods/Firebase",
					"$(PROJECT_DIR)",
				);
				OTHER_LDFLAGS = (
					"$(inherited)",
					"-ObjC",
					"-l\"c++\"",
					"-l\"icucore\"",
					"-l\"sqlite3\"",
					"-l\"z\"",
					"-framework",
					"\"AWSCognito\"",
					"-framework",
					"\"AWSCore\"",
					"-framework",
					"\"AWSDynamoDB\"",
					"-framework",
					"\"AWSEC2\"",
					"-framework",
					"\"AWSLambda\"",
					"-framework",
					"\"AWSMobileAnalytics\"",
					"-framework",
					"\"AWSS3\"",
					"-framework",
					"\"AdSupport\"",
					"-framework",
					"\"AddressBook\"",
					"-framework",
					"\"CFNetwork\"",
					"-framework",
					"\"CMDQueryStringSerialization\"",
					"-framework",
					"\"CoreGraphics\"",
					"-framework",
					"\"FirebaseAnalytics\"",
					"-framework",
					"\"FirebaseAuth\"",
					"-framework",
					"\"FirebaseDatabase\"",
					"-framework",
					"\"FirebaseInstanceID\"",
					"-framework",
					"\"GoogleInterchangeUtilities\"",
					"-framework",
					"\"GoogleNetworkingUtilities\"",
					"-framework",
					"\"GoogleParsingUtilities\"",
					"-framework",
					"\"GoogleSymbolUtilities\"",
					"-framework",
					"\"GoogleUtilities\"",
					"-framework",
					"\"ISO8601\"",
					"-framework",
					"\"NSData_Base64\"",
					"-framework",
					"\"ReactiveCocoa\"",
					"-framework",
					"\"Result\"",
					"-framework",
					"\"SafariServices\"",
					"-framework",
					"\"Security\"",
					"-framework",
					"\"SimpleAuth\"",
					"-framework",
					"\"StoreKit\"",
					"-framework",
					"\"SystemConfiguration\"",
					"-framework",
					"\"cocoa_oauth\"",
				);
				PRODUCT_BUNDLE_IDENTIFIER = com.aquaintapp;
				PRODUCT_NAME = Aquaint;
				PROVISIONING_PROFILE = "";
				SWIFT_OBJC_BRIDGING_HEADER = "ConnectMe/Aquaint-Bridging-Header.h";
				SWIFT_OPTIMIZATION_LEVEL = "-Onone";
			};
			name = Debug;
		};
		FF897C5B1C01AC63001B2634 /* Release */ = {
			isa = XCBuildConfiguration;
			baseConfigurationReference = 820A230C1F41AD15AF685EEB /* Pods-Aquaint.release.xcconfig */;
			buildSettings = {
				ASSETCATALOG_COMPILER_APPICON_NAME = AppIcon;
				CLANG_ENABLE_MODULES = YES;
				CODE_SIGN_IDENTITY = "iPhone Developer";
				"CODE_SIGN_IDENTITY[sdk=iphoneos*]" = "iPhone Developer";
				FRAMEWORK_SEARCH_PATHS = (
					"$(inherited)",
					"$(PROJECT_DIR)",
					"$(PROJECT_DIR)/ConnectMe",
					"$(PROJECT_DIR)/Sdk/Google",
				);
				INFOPLIST_FILE = ConnectMe/Info.plist;
				LD_RUNPATH_SEARCH_PATHS = "$(inherited) @executable_path/Frameworks";
				LIBRARY_SEARCH_PATHS = (
					"$(inherited)",
					"$(PROJECT_DIR)/Pods/Firebase",
					"$(PROJECT_DIR)",
				);
				OTHER_LDFLAGS = (
					"$(inherited)",
					"-ObjC",
					"-l\"c++\"",
					"-l\"icucore\"",
					"-l\"sqlite3\"",
					"-l\"z\"",
					"-framework",
					"\"AWSCognito\"",
					"-framework",
					"\"AWSCore\"",
					"-framework",
					"\"AWSDynamoDB\"",
					"-framework",
					"\"AWSEC2\"",
					"-framework",
					"\"AWSLambda\"",
					"-framework",
					"\"AWSMobileAnalytics\"",
					"-framework",
					"\"AWSS3\"",
					"-framework",
					"\"AdSupport\"",
					"-framework",
					"\"AddressBook\"",
					"-framework",
					"\"CFNetwork\"",
					"-framework",
					"\"CMDQueryStringSerialization\"",
					"-framework",
					"\"CoreGraphics\"",
					"-framework",
					"\"FirebaseAnalytics\"",
					"-framework",
					"\"FirebaseAuth\"",
					"-framework",
					"\"FirebaseDatabase\"",
					"-framework",
					"\"FirebaseInstanceID\"",
					"-framework",
					"\"GoogleInterchangeUtilities\"",
					"-framework",
					"\"GoogleNetworkingUtilities\"",
					"-framework",
					"\"GoogleParsingUtilities\"",
					"-framework",
					"\"GoogleSymbolUtilities\"",
					"-framework",
					"\"GoogleUtilities\"",
					"-framework",
					"\"ISO8601\"",
					"-framework",
					"\"NSData_Base64\"",
					"-framework",
					"\"ReactiveCocoa\"",
					"-framework",
					"\"Result\"",
					"-framework",
					"\"SafariServices\"",
					"-framework",
					"\"Security\"",
					"-framework",
					"\"SimpleAuth\"",
					"-framework",
					"\"StoreKit\"",
					"-framework",
					"\"SystemConfiguration\"",
					"-framework",
					"\"cocoa_oauth\"",
				);
				PRODUCT_BUNDLE_IDENTIFIER = com.aquaintapp;
				PRODUCT_NAME = Aquaint;
				PROVISIONING_PROFILE = "";
				SWIFT_OBJC_BRIDGING_HEADER = "ConnectMe/Aquaint-Bridging-Header.h";
			};
			name = Release;
		};
		FF897C5D1C01AC63001B2634 /* Debug */ = {
			isa = XCBuildConfiguration;
			baseConfigurationReference = 80DE6A0B04CCD15219F58E87 /* Pods-AquaintTests.debug.xcconfig */;
			buildSettings = {
				BUNDLE_LOADER = "$(TEST_HOST)";
				CLANG_ENABLE_MODULES = YES;
				INFOPLIST_FILE = ConnectMeTests/Info.plist;
				LD_RUNPATH_SEARCH_PATHS = "$(inherited) @executable_path/Frameworks @loader_path/Frameworks";
				PRODUCT_BUNDLE_IDENTIFIER = com.ConnectMeTests;
				PRODUCT_NAME = Aquaint;
				SWIFT_OPTIMIZATION_LEVEL = "-Onone";
				TEST_HOST = "$(BUILT_PRODUCTS_DIR)/Aquaint.app/Aquaint";
			};
			name = Debug;
		};
		FF897C5E1C01AC63001B2634 /* Release */ = {
			isa = XCBuildConfiguration;
			baseConfigurationReference = 9A64274B07B3280E1F621ACD /* Pods-AquaintTests.release.xcconfig */;
			buildSettings = {
				BUNDLE_LOADER = "$(TEST_HOST)";
				CLANG_ENABLE_MODULES = YES;
				INFOPLIST_FILE = ConnectMeTests/Info.plist;
				LD_RUNPATH_SEARCH_PATHS = "$(inherited) @executable_path/Frameworks @loader_path/Frameworks";
				PRODUCT_BUNDLE_IDENTIFIER = com.ConnectMeTests;
				PRODUCT_NAME = Aquaint;
				TEST_HOST = "$(BUILT_PRODUCTS_DIR)/Aquaint.app/Aquaint";
			};
			name = Release;
		};
		FF897C601C01AC63001B2634 /* Debug */ = {
			isa = XCBuildConfiguration;
			baseConfigurationReference = C45821F799B96B5198E5BE7B /* Pods-AquaintUITests.debug.xcconfig */;
			buildSettings = {
				INFOPLIST_FILE = ConnectMeUITests/Info.plist;
				LD_RUNPATH_SEARCH_PATHS = "$(inherited) @executable_path/Frameworks @loader_path/Frameworks";
				PRODUCT_BUNDLE_IDENTIFIER = com.ConnectMeUITests;
				PRODUCT_NAME = Aquaint;
				TEST_TARGET_NAME = ConnectMe;
				USES_XCTRUNNER = YES;
			};
			name = Debug;
		};
		FF897C611C01AC63001B2634 /* Release */ = {
			isa = XCBuildConfiguration;
			baseConfigurationReference = 2E8833267EF2168C25287F83 /* Pods-AquaintUITests.release.xcconfig */;
			buildSettings = {
				INFOPLIST_FILE = ConnectMeUITests/Info.plist;
				LD_RUNPATH_SEARCH_PATHS = "$(inherited) @executable_path/Frameworks @loader_path/Frameworks";
				PRODUCT_BUNDLE_IDENTIFIER = com.ConnectMeUITests;
				PRODUCT_NAME = Aquaint;
				TEST_TARGET_NAME = ConnectMe;
				USES_XCTRUNNER = YES;
			};
			name = Release;
		};
/* End XCBuildConfiguration section */

/* Begin XCConfigurationList section */
		FF897C2C1C01AC63001B2634 /* Build configuration list for PBXProject "Aquaint" */ = {
			isa = XCConfigurationList;
			buildConfigurations = (
				FF897C571C01AC63001B2634 /* Debug */,
				FF897C581C01AC63001B2634 /* Release */,
			);
			defaultConfigurationIsVisible = 0;
			defaultConfigurationName = Release;
		};
		FF897C591C01AC63001B2634 /* Build configuration list for PBXNativeTarget "Aquaint" */ = {
			isa = XCConfigurationList;
			buildConfigurations = (
				FF897C5A1C01AC63001B2634 /* Debug */,
				FF897C5B1C01AC63001B2634 /* Release */,
			);
			defaultConfigurationIsVisible = 0;
			defaultConfigurationName = Release;
		};
		FF897C5C1C01AC63001B2634 /* Build configuration list for PBXNativeTarget "AquaintTests" */ = {
			isa = XCConfigurationList;
			buildConfigurations = (
				FF897C5D1C01AC63001B2634 /* Debug */,
				FF897C5E1C01AC63001B2634 /* Release */,
			);
			defaultConfigurationIsVisible = 0;
			defaultConfigurationName = Release;
		};
		FF897C5F1C01AC63001B2634 /* Build configuration list for PBXNativeTarget "AquaintUITests" */ = {
			isa = XCConfigurationList;
			buildConfigurations = (
				FF897C601C01AC63001B2634 /* Debug */,
				FF897C611C01AC63001B2634 /* Release */,
			);
			defaultConfigurationIsVisible = 0;
			defaultConfigurationName = Release;
		};
/* End XCConfigurationList section */
	};
	rootObject = FF897C291C01AC63001B2634 /* Project object */;
}
