// !$*UTF8*$!
{
	archiveVersion = 1;
	classes = {
	};
	objectVersion = 46;
	objects = {

/* Begin PBXBuildFile section */
		FFD8E5151BFAE57400CEAE0D /* Foundation.framework in Frameworks */ = {isa = PBXBuildFile; fileRef = FFD8E5141BFAE57400CEAE0D /* Foundation.framework */; };
		FFD8E5171BFAE57400CEAE0D /* CoreGraphics.framework in Frameworks */ = {isa = PBXBuildFile; fileRef = FFD8E5161BFAE57400CEAE0D /* CoreGraphics.framework */; };
		FFD8E5191BFAE57400CEAE0D /* UIKit.framework in Frameworks */ = {isa = PBXBuildFile; fileRef = FFD8E5181BFAE57400CEAE0D /* UIKit.framework */; };
		FFD8E51F1BFAE57400CEAE0D /* InfoPlist.strings in Resources */ = {isa = PBXBuildFile; fileRef = FFD8E51D1BFAE57400CEAE0D /* InfoPlist.strings */; };
		FFD8E5211BFAE57400CEAE0D /* main.m in Sources */ = {isa = PBXBuildFile; fileRef = FFD8E5201BFAE57400CEAE0D /* main.m */; };
		FFD8E5251BFAE57400CEAE0D /* AppDelegate.m in Sources */ = {isa = PBXBuildFile; fileRef = FFD8E5241BFAE57400CEAE0D /* AppDelegate.m */; };
		FFD8E5281BFAE57400CEAE0D /* RootViewController.m in Sources */ = {isa = PBXBuildFile; fileRef = FFD8E5271BFAE57400CEAE0D /* RootViewController.m */; };
		FFD8E52B1BFAE57400CEAE0D /* DataViewController.m in Sources */ = {isa = PBXBuildFile; fileRef = FFD8E52A1BFAE57400CEAE0D /* DataViewController.m */; };
		FFD8E52E1BFAE57400CEAE0D /* ModelController.m in Sources */ = {isa = PBXBuildFile; fileRef = FFD8E52D1BFAE57400CEAE0D /* ModelController.m */; };
		FFD8E5311BFAE57400CEAE0D /* Main_iPhone.storyboard in Resources */ = {isa = PBXBuildFile; fileRef = FFD8E52F1BFAE57400CEAE0D /* Main_iPhone.storyboard */; };
		FFD8E5341BFAE57400CEAE0D /* Main_iPad.storyboard in Resources */ = {isa = PBXBuildFile; fileRef = FFD8E5321BFAE57400CEAE0D /* Main_iPad.storyboard */; };
		FFD8E5361BFAE57400CEAE0D /* Images.xcassets in Resources */ = {isa = PBXBuildFile; fileRef = FFD8E5351BFAE57400CEAE0D /* Images.xcassets */; };
		FFD8E53D1BFAE57500CEAE0D /* XCTest.framework in Frameworks */ = {isa = PBXBuildFile; fileRef = FFD8E53C1BFAE57500CEAE0D /* XCTest.framework */; };
		FFD8E53E1BFAE57500CEAE0D /* Foundation.framework in Frameworks */ = {isa = PBXBuildFile; fileRef = FFD8E5141BFAE57400CEAE0D /* Foundation.framework */; };
		FFD8E53F1BFAE57500CEAE0D /* UIKit.framework in Frameworks */ = {isa = PBXBuildFile; fileRef = FFD8E5181BFAE57400CEAE0D /* UIKit.framework */; };
		FFD8E5471BFAE57500CEAE0D /* InfoPlist.strings in Resources */ = {isa = PBXBuildFile; fileRef = FFD8E5451BFAE57500CEAE0D /* InfoPlist.strings */; };
		FFD8E5491BFAE57500CEAE0D /* Page_Based_Application_DemoTests.m in Sources */ = {isa = PBXBuildFile; fileRef = FFD8E5481BFAE57500CEAE0D /* Page_Based_Application_DemoTests.m */; };
/* End PBXBuildFile section */

/* Begin PBXContainerItemProxy section */
		FFD8E5401BFAE57500CEAE0D /* PBXContainerItemProxy */ = {
			isa = PBXContainerItemProxy;
			containerPortal = FFD8E5091BFAE57400CEAE0D /* Project object */;
			proxyType = 1;
			remoteGlobalIDString = FFD8E5101BFAE57400CEAE0D;
			remoteInfo = "Page-Based-Application-Demo";
		};
/* End PBXContainerItemProxy section */

/* Begin PBXFileReference section */
		FFD8E5111BFAE57400CEAE0D /* Page-Based-Application-Demo.app */ = {isa = PBXFileReference; explicitFileType = wrapper.application; includeInIndex = 0; path = "Page-Based-Application-Demo.app"; sourceTree = BUILT_PRODUCTS_DIR; };
		FFD8E5141BFAE57400CEAE0D /* Foundation.framework */ = {isa = PBXFileReference; lastKnownFileType = wrapper.framework; name = Foundation.framework; path = System/Library/Frameworks/Foundation.framework; sourceTree = SDKROOT; };
		FFD8E5161BFAE57400CEAE0D /* CoreGraphics.framework */ = {isa = PBXFileReference; lastKnownFileType = wrapper.framework; name = CoreGraphics.framework; path = System/Library/Frameworks/CoreGraphics.framework; sourceTree = SDKROOT; };
		FFD8E5181BFAE57400CEAE0D /* UIKit.framework */ = {isa = PBXFileReference; lastKnownFileType = wrapper.framework; name = UIKit.framework; path = System/Library/Frameworks/UIKit.framework; sourceTree = SDKROOT; };
		FFD8E51C1BFAE57400CEAE0D /* Page-Based-Application-Demo-Info.plist */ = {isa = PBXFileReference; lastKnownFileType = text.plist.xml; path = "Page-Based-Application-Demo-Info.plist"; sourceTree = "<group>"; };
		FFD8E51E1BFAE57400CEAE0D /* en */ = {isa = PBXFileReference; lastKnownFileType = text.plist.strings; name = en; path = en.lproj/InfoPlist.strings; sourceTree = "<group>"; };
		FFD8E5201BFAE57400CEAE0D /* main.m */ = {isa = PBXFileReference; lastKnownFileType = sourcecode.c.objc; path = main.m; sourceTree = "<group>"; };
		FFD8E5221BFAE57400CEAE0D /* Page-Based-Application-Demo-Prefix.pch */ = {isa = PBXFileReference; lastKnownFileType = sourcecode.c.h; path = "Page-Based-Application-Demo-Prefix.pch"; sourceTree = "<group>"; };
		FFD8E5231BFAE57400CEAE0D /* AppDelegate.h */ = {isa = PBXFileReference; lastKnownFileType = sourcecode.c.h; path = AppDelegate.h; sourceTree = "<group>"; };
		FFD8E5241BFAE57400CEAE0D /* AppDelegate.m */ = {isa = PBXFileReference; lastKnownFileType = sourcecode.c.objc; path = AppDelegate.m; sourceTree = "<group>"; };
		FFD8E5261BFAE57400CEAE0D /* RootViewController.h */ = {isa = PBXFileReference; lastKnownFileType = sourcecode.c.h; path = RootViewController.h; sourceTree = "<group>"; };
		FFD8E5271BFAE57400CEAE0D /* RootViewController.m */ = {isa = PBXFileReference; lastKnownFileType = sourcecode.c.objc; path = RootViewController.m; sourceTree = "<group>"; };
		FFD8E5291BFAE57400CEAE0D /* DataViewController.h */ = {isa = PBXFileReference; lastKnownFileType = sourcecode.c.h; path = DataViewController.h; sourceTree = "<group>"; };
		FFD8E52A1BFAE57400CEAE0D /* DataViewController.m */ = {isa = PBXFileReference; lastKnownFileType = sourcecode.c.objc; path = DataViewController.m; sourceTree = "<group>"; };
		FFD8E52C1BFAE57400CEAE0D /* ModelController.h */ = {isa = PBXFileReference; lastKnownFileType = sourcecode.c.h; path = ModelController.h; sourceTree = "<group>"; };
		FFD8E52D1BFAE57400CEAE0D /* ModelController.m */ = {isa = PBXFileReference; lastKnownFileType = sourcecode.c.objc; path = ModelController.m; sourceTree = "<group>"; };
		FFD8E5301BFAE57400CEAE0D /* Base */ = {isa = PBXFileReference; lastKnownFileType = file.storyboard; name = Base; path = Base.lproj/Main_iPhone.storyboard; sourceTree = "<group>"; };
		FFD8E5331BFAE57400CEAE0D /* Base */ = {isa = PBXFileReference; lastKnownFileType = file.storyboard; name = Base; path = Base.lproj/Main_iPad.storyboard; sourceTree = "<group>"; };
		FFD8E5351BFAE57400CEAE0D /* Images.xcassets */ = {isa = PBXFileReference; lastKnownFileType = folder.assetcatalog; path = Images.xcassets; sourceTree = "<group>"; };
		FFD8E53B1BFAE57500CEAE0D /* Page-Based-Application-DemoTests.xctest */ = {isa = PBXFileReference; explicitFileType = wrapper.cfbundle; includeInIndex = 0; path = "Page-Based-Application-DemoTests.xctest"; sourceTree = BUILT_PRODUCTS_DIR; };
		FFD8E53C1BFAE57500CEAE0D /* XCTest.framework */ = {isa = PBXFileReference; lastKnownFileType = wrapper.framework; name = XCTest.framework; path = Library/Frameworks/XCTest.framework; sourceTree = DEVELOPER_DIR; };
		FFD8E5441BFAE57500CEAE0D /* Page-Based-Application-DemoTests-Info.plist */ = {isa = PBXFileReference; lastKnownFileType = text.plist.xml; path = "Page-Based-Application-DemoTests-Info.plist"; sourceTree = "<group>"; };
		FFD8E5461BFAE57500CEAE0D /* en */ = {isa = PBXFileReference; lastKnownFileType = text.plist.strings; name = en; path = en.lproj/InfoPlist.strings; sourceTree = "<group>"; };
		FFD8E5481BFAE57500CEAE0D /* Page_Based_Application_DemoTests.m */ = {isa = PBXFileReference; lastKnownFileType = sourcecode.c.objc; path = Page_Based_Application_DemoTests.m; sourceTree = "<group>"; };
/* End PBXFileReference section */

/* Begin PBXFrameworksBuildPhase section */
		FFD8E50E1BFAE57400CEAE0D /* Frameworks */ = {
			isa = PBXFrameworksBuildPhase;
			buildActionMask = 2147483647;
			files = (
				FFD8E5171BFAE57400CEAE0D /* CoreGraphics.framework in Frameworks */,
				FFD8E5191BFAE57400CEAE0D /* UIKit.framework in Frameworks */,
				FFD8E5151BFAE57400CEAE0D /* Foundation.framework in Frameworks */,
			);
			runOnlyForDeploymentPostprocessing = 0;
		};
		FFD8E5381BFAE57500CEAE0D /* Frameworks */ = {
			isa = PBXFrameworksBuildPhase;
			buildActionMask = 2147483647;
			files = (
				FFD8E53D1BFAE57500CEAE0D /* XCTest.framework in Frameworks */,
				FFD8E53F1BFAE57500CEAE0D /* UIKit.framework in Frameworks */,
				FFD8E53E1BFAE57500CEAE0D /* Foundation.framework in Frameworks */,
			);
			runOnlyForDeploymentPostprocessing = 0;
		};
/* End PBXFrameworksBuildPhase section */

/* Begin PBXGroup section */
		FFD8E5081BFAE57400CEAE0D = {
			isa = PBXGroup;
			children = (
				FFD8E51A1BFAE57400CEAE0D /* Page-Based-Application-Demo */,
				FFD8E5421BFAE57500CEAE0D /* Page-Based-Application-DemoTests */,
				FFD8E5131BFAE57400CEAE0D /* Frameworks */,
				FFD8E5121BFAE57400CEAE0D /* Products */,
			);
			sourceTree = "<group>";
		};
		FFD8E5121BFAE57400CEAE0D /* Products */ = {
			isa = PBXGroup;
			children = (
				FFD8E5111BFAE57400CEAE0D /* Page-Based-Application-Demo.app */,
				FFD8E53B1BFAE57500CEAE0D /* Page-Based-Application-DemoTests.xctest */,
			);
			name = Products;
			sourceTree = "<group>";
		};
		FFD8E5131BFAE57400CEAE0D /* Frameworks */ = {
			isa = PBXGroup;
			children = (
				FFD8E5141BFAE57400CEAE0D /* Foundation.framework */,
				FFD8E5161BFAE57400CEAE0D /* CoreGraphics.framework */,
				FFD8E5181BFAE57400CEAE0D /* UIKit.framework */,
				FFD8E53C1BFAE57500CEAE0D /* XCTest.framework */,
			);
			name = Frameworks;
			sourceTree = "<group>";
		};
		FFD8E51A1BFAE57400CEAE0D /* Page-Based-Application-Demo */ = {
			isa = PBXGroup;
			children = (
				FFD8E5231BFAE57400CEAE0D /* AppDelegate.h */,
				FFD8E5241BFAE57400CEAE0D /* AppDelegate.m */,
				FFD8E5261BFAE57400CEAE0D /* RootViewController.h */,
				FFD8E5271BFAE57400CEAE0D /* RootViewController.m */,
				FFD8E5291BFAE57400CEAE0D /* DataViewController.h */,
				FFD8E52A1BFAE57400CEAE0D /* DataViewController.m */,
				FFD8E52C1BFAE57400CEAE0D /* ModelController.h */,
				FFD8E52D1BFAE57400CEAE0D /* ModelController.m */,
				FFD8E52F1BFAE57400CEAE0D /* Main_iPhone.storyboard */,
				FFD8E5321BFAE57400CEAE0D /* Main_iPad.storyboard */,
				FFD8E5351BFAE57400CEAE0D /* Images.xcassets */,
				FFD8E51B1BFAE57400CEAE0D /* Supporting Files */,
			);
			path = "Page-Based-Application-Demo";
			sourceTree = "<group>";
		};
		FFD8E51B1BFAE57400CEAE0D /* Supporting Files */ = {
			isa = PBXGroup;
			children = (
				FFD8E51C1BFAE57400CEAE0D /* Page-Based-Application-Demo-Info.plist */,
				FFD8E51D1BFAE57400CEAE0D /* InfoPlist.strings */,
				FFD8E5201BFAE57400CEAE0D /* main.m */,
				FFD8E5221BFAE57400CEAE0D /* Page-Based-Application-Demo-Prefix.pch */,
			);
			name = "Supporting Files";
			sourceTree = "<group>";
		};
		FFD8E5421BFAE57500CEAE0D /* Page-Based-Application-DemoTests */ = {
			isa = PBXGroup;
			children = (
				FFD8E5481BFAE57500CEAE0D /* Page_Based_Application_DemoTests.m */,
				FFD8E5431BFAE57500CEAE0D /* Supporting Files */,
			);
			path = "Page-Based-Application-DemoTests";
			sourceTree = "<group>";
		};
		FFD8E5431BFAE57500CEAE0D /* Supporting Files */ = {
			isa = PBXGroup;
			children = (
				FFD8E5441BFAE57500CEAE0D /* Page-Based-Application-DemoTests-Info.plist */,
				FFD8E5451BFAE57500CEAE0D /* InfoPlist.strings */,
			);
			name = "Supporting Files";
			sourceTree = "<group>";
		};
/* End PBXGroup section */

/* Begin PBXNativeTarget section */
		FFD8E5101BFAE57400CEAE0D /* Page-Based-Application-Demo */ = {
			isa = PBXNativeTarget;
			buildConfigurationList = FFD8E54C1BFAE57500CEAE0D /* Build configuration list for PBXNativeTarget "Page-Based-Application-Demo" */;
			buildPhases = (
				FFD8E50D1BFAE57400CEAE0D /* Sources */,
				FFD8E50E1BFAE57400CEAE0D /* Frameworks */,
				FFD8E50F1BFAE57400CEAE0D /* Resources */,
			);
			buildRules = (
			);
			dependencies = (
			);
			name = "Page-Based-Application-Demo";
			productName = "Page-Based-Application-Demo";
			productReference = FFD8E5111BFAE57400CEAE0D /* Page-Based-Application-Demo.app */;
			productType = "com.apple.product-type.application";
		};
		FFD8E53A1BFAE57500CEAE0D /* Page-Based-Application-DemoTests */ = {
			isa = PBXNativeTarget;
			buildConfigurationList = FFD8E54F1BFAE57500CEAE0D /* Build configuration list for PBXNativeTarget "Page-Based-Application-DemoTests" */;
			buildPhases = (
				FFD8E5371BFAE57500CEAE0D /* Sources */,
				FFD8E5381BFAE57500CEAE0D /* Frameworks */,
				FFD8E5391BFAE57500CEAE0D /* Resources */,
			);
			buildRules = (
			);
			dependencies = (
				FFD8E5411BFAE57500CEAE0D /* PBXTargetDependency */,
			);
			name = "Page-Based-Application-DemoTests";
			productName = "Page-Based-Application-DemoTests";
			productReference = FFD8E53B1BFAE57500CEAE0D /* Page-Based-Application-DemoTests.xctest */;
			productType = "com.apple.product-type.bundle.unit-test";
		};
/* End PBXNativeTarget section */

/* Begin PBXProject section */
		FFD8E5091BFAE57400CEAE0D /* Project object */ = {
			isa = PBXProject;
			attributes = {
				LastUpgradeCheck = 0510;
				ORGANIZATIONNAME = ConnectMe;
				TargetAttributes = {
					FFD8E53A1BFAE57500CEAE0D = {
						TestTargetID = FFD8E5101BFAE57400CEAE0D;
					};
				};
			};
			buildConfigurationList = FFD8E50C1BFAE57400CEAE0D /* Build configuration list for PBXProject "Page-Based-Application-Demo" */;
			compatibilityVersion = "Xcode 3.2";
			developmentRegion = English;
			hasScannedForEncodings = 0;
			knownRegions = (
				en,
				Base,
			);
			mainGroup = FFD8E5081BFAE57400CEAE0D;
			productRefGroup = FFD8E5121BFAE57400CEAE0D /* Products */;
			projectDirPath = "";
			projectRoot = "";
			targets = (
				FFD8E5101BFAE57400CEAE0D /* Page-Based-Application-Demo */,
				FFD8E53A1BFAE57500CEAE0D /* Page-Based-Application-DemoTests */,
			);
		};
/* End PBXProject section */

/* Begin PBXResourcesBuildPhase section */
		FFD8E50F1BFAE57400CEAE0D /* Resources */ = {
			isa = PBXResourcesBuildPhase;
			buildActionMask = 2147483647;
			files = (
				FFD8E5341BFAE57400CEAE0D /* Main_iPad.storyboard in Resources */,
				FFD8E5361BFAE57400CEAE0D /* Images.xcassets in Resources */,
				FFD8E5311BFAE57400CEAE0D /* Main_iPhone.storyboard in Resources */,
				FFD8E51F1BFAE57400CEAE0D /* InfoPlist.strings in Resources */,
			);
			runOnlyForDeploymentPostprocessing = 0;
		};
		FFD8E5391BFAE57500CEAE0D /* Resources */ = {
			isa = PBXResourcesBuildPhase;
			buildActionMask = 2147483647;
			files = (
				FFD8E5471BFAE57500CEAE0D /* InfoPlist.strings in Resources */,
			);
			runOnlyForDeploymentPostprocessing = 0;
		};
/* End PBXResourcesBuildPhase section */

/* Begin PBXSourcesBuildPhase section */
		FFD8E50D1BFAE57400CEAE0D /* Sources */ = {
			isa = PBXSourcesBuildPhase;
			buildActionMask = 2147483647;
			files = (
				FFD8E52B1BFAE57400CEAE0D /* DataViewController.m in Sources */,
				FFD8E5251BFAE57400CEAE0D /* AppDelegate.m in Sources */,
				FFD8E52E1BFAE57400CEAE0D /* ModelController.m in Sources */,
				FFD8E5211BFAE57400CEAE0D /* main.m in Sources */,
				FFD8E5281BFAE57400CEAE0D /* RootViewController.m in Sources */,
			);
			runOnlyForDeploymentPostprocessing = 0;
		};
		FFD8E5371BFAE57500CEAE0D /* Sources */ = {
			isa = PBXSourcesBuildPhase;
			buildActionMask = 2147483647;
			files = (
				FFD8E5491BFAE57500CEAE0D /* Page_Based_Application_DemoTests.m in Sources */,
			);
			runOnlyForDeploymentPostprocessing = 0;
		};
/* End PBXSourcesBuildPhase section */

/* Begin PBXTargetDependency section */
		FFD8E5411BFAE57500CEAE0D /* PBXTargetDependency */ = {
			isa = PBXTargetDependency;
			target = FFD8E5101BFAE57400CEAE0D /* Page-Based-Application-Demo */;
			targetProxy = FFD8E5401BFAE57500CEAE0D /* PBXContainerItemProxy */;
		};
/* End PBXTargetDependency section */

/* Begin PBXVariantGroup section */
		FFD8E51D1BFAE57400CEAE0D /* InfoPlist.strings */ = {
			isa = PBXVariantGroup;
			children = (
				FFD8E51E1BFAE57400CEAE0D /* en */,
			);
			name = InfoPlist.strings;
			sourceTree = "<group>";
		};
		FFD8E52F1BFAE57400CEAE0D /* Main_iPhone.storyboard */ = {
			isa = PBXVariantGroup;
			children = (
				FFD8E5301BFAE57400CEAE0D /* Base */,
			);
			name = Main_iPhone.storyboard;
			sourceTree = "<group>";
		};
		FFD8E5321BFAE57400CEAE0D /* Main_iPad.storyboard */ = {
			isa = PBXVariantGroup;
			children = (
				FFD8E5331BFAE57400CEAE0D /* Base */,
			);
			name = Main_iPad.storyboard;
			sourceTree = "<group>";
		};
		FFD8E5451BFAE57500CEAE0D /* InfoPlist.strings */ = {
			isa = PBXVariantGroup;
			children = (
				FFD8E5461BFAE57500CEAE0D /* en */,
			);
			name = InfoPlist.strings;
			sourceTree = "<group>";
		};
/* End PBXVariantGroup section */

/* Begin XCBuildConfiguration section */
		FFD8E54A1BFAE57500CEAE0D /* Debug */ = {
			isa = XCBuildConfiguration;
			buildSettings = {
				ALWAYS_SEARCH_USER_PATHS = NO;
				CLANG_CXX_LANGUAGE_STANDARD = "gnu++0x";
				CLANG_CXX_LIBRARY = "libc++";
				CLANG_ENABLE_MODULES = YES;
				CLANG_ENABLE_OBJC_ARC = YES;
				CLANG_WARN_BOOL_CONVERSION = YES;
				CLANG_WARN_CONSTANT_CONVERSION = YES;
				CLANG_WARN_DIRECT_OBJC_ISA_USAGE = YES_ERROR;
				CLANG_WARN_EMPTY_BODY = YES;
				CLANG_WARN_ENUM_CONVERSION = YES;
				CLANG_WARN_INT_CONVERSION = YES;
				CLANG_WARN_OBJC_ROOT_CLASS = YES_ERROR;
				CLANG_WARN__DUPLICATE_METHOD_MATCH = YES;
				"CODE_SIGN_IDENTITY[sdk=iphoneos*]" = "iPhone Developer";
				COPY_PHASE_STRIP = NO;
				GCC_C_LANGUAGE_STANDARD = gnu99;
				GCC_DYNAMIC_NO_PIC = NO;
				GCC_OPTIMIZATION_LEVEL = 0;
				GCC_PREPROCESSOR_DEFINITIONS = (
					"DEBUG=1",
					"$(inherited)",
				);
				GCC_SYMBOLS_PRIVATE_EXTERN = NO;
				GCC_WARN_64_TO_32_BIT_CONVERSION = YES;
				GCC_WARN_ABOUT_RETURN_TYPE = YES_ERROR;
				GCC_WARN_UNDECLARED_SELECTOR = YES;
				GCC_WARN_UNINITIALIZED_AUTOS = YES_AGGRESSIVE;
				GCC_WARN_UNUSED_FUNCTION = YES;
				GCC_WARN_UNUSED_VARIABLE = YES;
				IPHONEOS_DEPLOYMENT_TARGET = 7.1;
				ONLY_ACTIVE_ARCH = YES;
				SDKROOT = iphoneos;
				TARGETED_DEVICE_FAMILY = "1,2";
			};
			name = Debug;
		};
		FFD8E54B1BFAE57500CEAE0D /* Release */ = {
			isa = XCBuildConfiguration;
			buildSettings = {
				ALWAYS_SEARCH_USER_PATHS = NO;
				CLANG_CXX_LANGUAGE_STANDARD = "gnu++0x";
				CLANG_CXX_LIBRARY = "libc++";
				CLANG_ENABLE_MODULES = YES;
				CLANG_ENABLE_OBJC_ARC = YES;
				CLANG_WARN_BOOL_CONVERSION = YES;
				CLANG_WARN_CONSTANT_CONVERSION = YES;
				CLANG_WARN_DIRECT_OBJC_ISA_USAGE = YES_ERROR;
				CLANG_WARN_EMPTY_BODY = YES;
				CLANG_WARN_ENUM_CONVERSION = YES;
				CLANG_WARN_INT_CONVERSION = YES;
				CLANG_WARN_OBJC_ROOT_CLASS = YES_ERROR;
				CLANG_WARN__DUPLICATE_METHOD_MATCH = YES;
				"CODE_SIGN_IDENTITY[sdk=iphoneos*]" = "iPhone Developer";
				COPY_PHASE_STRIP = YES;
				ENABLE_NS_ASSERTIONS = NO;
				GCC_C_LANGUAGE_STANDARD = gnu99;
				GCC_WARN_64_TO_32_BIT_CONVERSION = YES;
				GCC_WARN_ABOUT_RETURN_TYPE = YES_ERROR;
				GCC_WARN_UNDECLARED_SELECTOR = YES;
				GCC_WARN_UNINITIALIZED_AUTOS = YES_AGGRESSIVE;
				GCC_WARN_UNUSED_FUNCTION = YES;
				GCC_WARN_UNUSED_VARIABLE = YES;
				IPHONEOS_DEPLOYMENT_TARGET = 7.1;
				SDKROOT = iphoneos;
				TARGETED_DEVICE_FAMILY = "1,2";
				VALIDATE_PRODUCT = YES;
			};
			name = Release;
		};
		FFD8E54D1BFAE57500CEAE0D /* Debug */ = {
			isa = XCBuildConfiguration;
			buildSettings = {
				ASSETCATALOG_COMPILER_APPICON_NAME = AppIcon;
				ASSETCATALOG_COMPILER_LAUNCHIMAGE_NAME = LaunchImage;
				GCC_PRECOMPILE_PREFIX_HEADER = YES;
				GCC_PREFIX_HEADER = "Page-Based-Application-Demo/Page-Based-Application-Demo-Prefix.pch";
				INFOPLIST_FILE = "Page-Based-Application-Demo/Page-Based-Application-Demo-Info.plist";
				PRODUCT_NAME = "$(TARGET_NAME)";
				WRAPPER_EXTENSION = app;
			};
			name = Debug;
		};
		FFD8E54E1BFAE57500CEAE0D /* Release */ = {
			isa = XCBuildConfiguration;
			buildSettings = {
				ASSETCATALOG_COMPILER_APPICON_NAME = AppIcon;
				ASSETCATALOG_COMPILER_LAUNCHIMAGE_NAME = LaunchImage;
				GCC_PRECOMPILE_PREFIX_HEADER = YES;
				GCC_PREFIX_HEADER = "Page-Based-Application-Demo/Page-Based-Application-Demo-Prefix.pch";
				INFOPLIST_FILE = "Page-Based-Application-Demo/Page-Based-Application-Demo-Info.plist";
				PRODUCT_NAME = "$(TARGET_NAME)";
				WRAPPER_EXTENSION = app;
			};
			name = Release;
		};
		FFD8E5501BFAE57500CEAE0D /* Debug */ = {
			isa = XCBuildConfiguration;
			buildSettings = {
				BUNDLE_LOADER = "$(BUILT_PRODUCTS_DIR)/Page-Based-Application-Demo.app/Page-Based-Application-Demo";
				FRAMEWORK_SEARCH_PATHS = (
					"$(SDKROOT)/Developer/Library/Frameworks",
					"$(inherited)",
					"$(DEVELOPER_FRAMEWORKS_DIR)",
				);
				GCC_PRECOMPILE_PREFIX_HEADER = YES;
				GCC_PREFIX_HEADER = "Page-Based-Application-Demo/Page-Based-Application-Demo-Prefix.pch";
				GCC_PREPROCESSOR_DEFINITIONS = (
					"DEBUG=1",
					"$(inherited)",
				);
				INFOPLIST_FILE = "Page-Based-Application-DemoTests/Page-Based-Application-DemoTests-Info.plist";
				PRODUCT_NAME = "$(TARGET_NAME)";
				TEST_HOST = "$(BUNDLE_LOADER)";
				WRAPPER_EXTENSION = xctest;
			};
			name = Debug;
		};
		FFD8E5511BFAE57500CEAE0D /* Release */ = {
			isa = XCBuildConfiguration;
			buildSettings = {
				BUNDLE_LOADER = "$(BUILT_PRODUCTS_DIR)/Page-Based-Application-Demo.app/Page-Based-Application-Demo";
				FRAMEWORK_SEARCH_PATHS = (
					"$(SDKROOT)/Developer/Library/Frameworks",
					"$(inherited)",
					"$(DEVELOPER_FRAMEWORKS_DIR)",
				);
				GCC_PRECOMPILE_PREFIX_HEADER = YES;
				GCC_PREFIX_HEADER = "Page-Based-Application-Demo/Page-Based-Application-Demo-Prefix.pch";
				INFOPLIST_FILE = "Page-Based-Application-DemoTests/Page-Based-Application-DemoTests-Info.plist";
				PRODUCT_NAME = "$(TARGET_NAME)";
				TEST_HOST = "$(BUNDLE_LOADER)";
				WRAPPER_EXTENSION = xctest;
			};
			name = Release;
		};
/* End XCBuildConfiguration section */

/* Begin XCConfigurationList section */
		FFD8E50C1BFAE57400CEAE0D /* Build configuration list for PBXProject "Page-Based-Application-Demo" */ = {
			isa = XCConfigurationList;
			buildConfigurations = (
				FFD8E54A1BFAE57500CEAE0D /* Debug */,
				FFD8E54B1BFAE57500CEAE0D /* Release */,
			);
			defaultConfigurationIsVisible = 0;
			defaultConfigurationName = Release;
		};
		FFD8E54C1BFAE57500CEAE0D /* Build configuration list for PBXNativeTarget "Page-Based-Application-Demo" */ = {
			isa = XCConfigurationList;
			buildConfigurations = (
				FFD8E54D1BFAE57500CEAE0D /* Debug */,
				FFD8E54E1BFAE57500CEAE0D /* Release */,
			);
			defaultConfigurationIsVisible = 0;
		};
		FFD8E54F1BFAE57500CEAE0D /* Build configuration list for PBXNativeTarget "Page-Based-Application-DemoTests" */ = {
			isa = XCConfigurationList;
			buildConfigurations = (
				FFD8E5501BFAE57500CEAE0D /* Debug */,
				FFD8E5511BFAE57500CEAE0D /* Release */,
			);
			defaultConfigurationIsVisible = 0;
		};
/* End XCConfigurationList section */
	};
	rootObject = FFD8E5091BFAE57400CEAE0D /* Project object */;
}
